// !$*UTF8*$!
{
	archiveVersion = 1;
	classes = {
	};
	objectVersion = 46;
	objects = {

/* Begin PBXBuildFile section */
		8D470A721DB7FFB1005D4286 /* MALKeyword.m in Sources */ = {isa = PBXBuildFile; fileRef = 8D470A711DB7FFB1005D4286 /* MALKeyword.m */; };
		8D470A731DB7FFB1005D4286 /* MALKeyword.m in Sources */ = {isa = PBXBuildFile; fileRef = 8D470A711DB7FFB1005D4286 /* MALKeyword.m */; };
		8D511F4D1D779F43003ED9FC /* NSObject+Types.m in Sources */ = {isa = PBXBuildFile; fileRef = 8D511F4C1D779F43003ED9FC /* NSObject+Types.m */; };
		8D511F4F1D77C8F6003ED9FC /* NSObject+Types.m in Sources */ = {isa = PBXBuildFile; fileRef = 8D511F4C1D779F43003ED9FC /* NSObject+Types.m */; };
		8D511F501D77C8F9003ED9FC /* SESyntaxParser.m in Sources */ = {isa = PBXBuildFile; fileRef = 8D8917CA1D74F8A700351894 /* SESyntaxParser.m */; };
		8D511F511D77C921003ED9FC /* libreadline.tbd in Frameworks */ = {isa = PBXBuildFile; fileRef = 8D8917C61D70D78B00351894 /* libreadline.tbd */; };
		8D8917C01D6FD4F200351894 /* step0_repl.m in Sources */ = {isa = PBXBuildFile; fileRef = 8D8917BF1D6FD4F200351894 /* step0_repl.m */; };
		8D8917C71D70D78B00351894 /* libreadline.tbd in Frameworks */ = {isa = PBXBuildFile; fileRef = 8D8917C61D70D78B00351894 /* libreadline.tbd */; };
		8D8917D71D74F95C00351894 /* SESyntaxParser.m in Sources */ = {isa = PBXBuildFile; fileRef = 8D8917CA1D74F8A700351894 /* SESyntaxParser.m */; };
		8D8917DC1D74FA8700351894 /* libreadline.tbd in Frameworks */ = {isa = PBXBuildFile; fileRef = 8D8917C61D70D78B00351894 /* libreadline.tbd */; };
		8D8C74961D88DC95007AE095 /* SESyntaxParser.m in Sources */ = {isa = PBXBuildFile; fileRef = 8D8917CA1D74F8A700351894 /* SESyntaxParser.m */; };
		8D8C74971D88DC95007AE095 /* MALList.m in Sources */ = {isa = PBXBuildFile; fileRef = 8D8CDD481D7E941300B28817 /* MALList.m */; settings = {COMPILER_FLAGS = "-fno-objc-arc"; }; };
		8D8C74981D88DC95007AE095 /* NSObject+Types.m in Sources */ = {isa = PBXBuildFile; fileRef = 8D511F4C1D779F43003ED9FC /* NSObject+Types.m */; };
		8D8C749A1D88DC95007AE095 /* libreadline.tbd in Frameworks */ = {isa = PBXBuildFile; fileRef = 8D8917C61D70D78B00351894 /* libreadline.tbd */; };
		8D8C74A31D88DDF3007AE095 /* MALEnv.m in Sources */ = {isa = PBXBuildFile; fileRef = 8D8C74A21D88DDF3007AE095 /* MALEnv.m */; };
		8D8C74A41D88DDF3007AE095 /* MALEnv.m in Sources */ = {isa = PBXBuildFile; fileRef = 8D8C74A21D88DDF3007AE095 /* MALEnv.m */; };
		8D8C74A61D88E24C007AE095 /* step3_env.m in Sources */ = {isa = PBXBuildFile; fileRef = 8D8C74A51D88E24C007AE095 /* step3_env.m */; };
		8D8CDD491D7E941300B28817 /* MALList.m in Sources */ = {isa = PBXBuildFile; fileRef = 8D8CDD481D7E941300B28817 /* MALList.m */; settings = {COMPILER_FLAGS = "-fno-objc-arc"; }; };
		8D8CDD4B1D7EB7E000B28817 /* MALList.m in Sources */ = {isa = PBXBuildFile; fileRef = 8D8CDD481D7E941300B28817 /* MALList.m */; settings = {COMPILER_FLAGS = "-fno-objc-arc"; }; };
		8D8CDD4E1D7F4F1700B28817 /* SESyntaxParser.m in Sources */ = {isa = PBXBuildFile; fileRef = 8D8917CA1D74F8A700351894 /* SESyntaxParser.m */; };
		8D8CDD501D7F4F1700B28817 /* MALList.m in Sources */ = {isa = PBXBuildFile; fileRef = 8D8CDD481D7E941300B28817 /* MALList.m */; settings = {COMPILER_FLAGS = "-fno-objc-arc"; }; };
		8D8CDD511D7F4F1700B28817 /* NSObject+Types.m in Sources */ = {isa = PBXBuildFile; fileRef = 8D511F4C1D779F43003ED9FC /* NSObject+Types.m */; };
		8D8CDD531D7F4F1700B28817 /* libreadline.tbd in Frameworks */ = {isa = PBXBuildFile; fileRef = 8D8917C61D70D78B00351894 /* libreadline.tbd */; };
		8D8CDD5D1D7F4F9300B28817 /* step2_eval.m in Sources */ = {isa = PBXBuildFile; fileRef = 8D8CDD5A1D7F4F6300B28817 /* step2_eval.m */; };
		8D8CDD5F1D7F504400B28817 /* step1_read_print.m in Sources */ = {isa = PBXBuildFile; fileRef = 8D8917D91D74FA2E00351894 /* step1_read_print.m */; };
		8DB4C9541D8C6E26000743BA /* MALEnv.m in Sources */ = {isa = PBXBuildFile; fileRef = 8D8C74A21D88DDF3007AE095 /* MALEnv.m */; };
		8DB4C9551D8C6E26000743BA /* SESyntaxParser.m in Sources */ = {isa = PBXBuildFile; fileRef = 8D8917CA1D74F8A700351894 /* SESyntaxParser.m */; };
		8DB4C9561D8C6E26000743BA /* MALList.m in Sources */ = {isa = PBXBuildFile; fileRef = 8D8CDD481D7E941300B28817 /* MALList.m */; settings = {COMPILER_FLAGS = "-fno-objc-arc"; }; };
		8DB4C9571D8C6E26000743BA /* NSObject+Types.m in Sources */ = {isa = PBXBuildFile; fileRef = 8D511F4C1D779F43003ED9FC /* NSObject+Types.m */; };
		8DB4C95A1D8C6E26000743BA /* libreadline.tbd in Frameworks */ = {isa = PBXBuildFile; fileRef = 8D8917C61D70D78B00351894 /* libreadline.tbd */; };
		8DB4C9641D8C6EAA000743BA /* step4_if_fn_do.m in Sources */ = {isa = PBXBuildFile; fileRef = 8DB4C9611D8C6E93000743BA /* step4_if_fn_do.m */; };
		8DB4C9651D8C6EAB000743BA /* step4_if_fn_do.m in Sources */ = {isa = PBXBuildFile; fileRef = 8DB4C9611D8C6E93000743BA /* step4_if_fn_do.m */; };
		8DB4C9681D8FDCC1000743BA /* core.m in Sources */ = {isa = PBXBuildFile; fileRef = 8DB4C9671D8FDCC1000743BA /* core.m */; };
		8DB4C9691D8FDCC1000743BA /* core.m in Sources */ = {isa = PBXBuildFile; fileRef = 8DB4C9671D8FDCC1000743BA /* core.m */; };
/* End PBXBuildFile section */

/* Begin PBXCopyFilesBuildPhase section */
		8D454BD31D6FD291007C7554 /* CopyFiles */ = {
			isa = PBXCopyFilesBuildPhase;
			buildActionMask = 2147483647;
			dstPath = /usr/share/man/man1/;
			dstSubfolderSpec = 0;
			files = (
			);
			runOnlyForDeploymentPostprocessing = 1;
		};
		8D8917CD1D74F91900351894 /* CopyFiles */ = {
			isa = PBXCopyFilesBuildPhase;
			buildActionMask = 2147483647;
			dstPath = /usr/share/man/man1/;
			dstSubfolderSpec = 0;
			files = (
			);
			runOnlyForDeploymentPostprocessing = 1;
		};
		8D8C749B1D88DC95007AE095 /* CopyFiles */ = {
			isa = PBXCopyFilesBuildPhase;
			buildActionMask = 2147483647;
			dstPath = /usr/share/man/man1/;
			dstSubfolderSpec = 0;
			files = (
			);
			runOnlyForDeploymentPostprocessing = 1;
		};
		8D8CDD541D7F4F1700B28817 /* CopyFiles */ = {
			isa = PBXCopyFilesBuildPhase;
			buildActionMask = 2147483647;
			dstPath = /usr/share/man/man1/;
			dstSubfolderSpec = 0;
			files = (
			);
			runOnlyForDeploymentPostprocessing = 1;
		};
		8DB4C95B1D8C6E26000743BA /* CopyFiles */ = {
			isa = PBXCopyFilesBuildPhase;
			buildActionMask = 2147483647;
			dstPath = /usr/share/man/man1/;
			dstSubfolderSpec = 0;
			files = (
			);
			runOnlyForDeploymentPostprocessing = 1;
		};
/* End PBXCopyFilesBuildPhase section */

/* Begin PBXFileReference section */
		8D454BD51D6FD291007C7554 /* mal */ = {isa = PBXFileReference; explicitFileType = "compiled.mach-o.executable"; includeInIndex = 0; path = mal; sourceTree = BUILT_PRODUCTS_DIR; };
		8D454BE71D6FD3D4007C7554 /* step0_repl */ = {isa = PBXFileReference; explicitFileType = "compiled.mach-o.executable"; includeInIndex = 0; path = step0_repl; sourceTree = BUILT_PRODUCTS_DIR; };
		8D470A701DB7FFB1005D4286 /* MALKeyword.h */ = {isa = PBXFileReference; fileEncoding = 4; lastKnownFileType = sourcecode.c.h; path = MALKeyword.h; sourceTree = "<group>"; };
		8D470A711DB7FFB1005D4286 /* MALKeyword.m */ = {isa = PBXFileReference; fileEncoding = 4; lastKnownFileType = sourcecode.c.objc; path = MALKeyword.m; sourceTree = "<group>"; };
		8D511F4B1D779F43003ED9FC /* NSObject+Types.h */ = {isa = PBXFileReference; fileEncoding = 4; lastKnownFileType = sourcecode.c.h; path = "NSObject+Types.h"; sourceTree = "<group>"; };
		8D511F4C1D779F43003ED9FC /* NSObject+Types.m */ = {isa = PBXFileReference; fileEncoding = 4; lastKnownFileType = sourcecode.c.objc; path = "NSObject+Types.m"; sourceTree = "<group>"; };
		8D8917BF1D6FD4F200351894 /* step0_repl.m */ = {isa = PBXFileReference; fileEncoding = 4; lastKnownFileType = sourcecode.c.objc; path = step0_repl.m; sourceTree = "<group>"; };
		8D8917C11D6FD84100351894 /* step0_repl.h */ = {isa = PBXFileReference; lastKnownFileType = sourcecode.c.h; path = step0_repl.h; sourceTree = "<group>"; };
		8D8917C31D70D17400351894 /* tests */ = {isa = PBXFileReference; lastKnownFileType = folder; path = tests; sourceTree = "<group>"; };
		8D8917C41D70D19F00351894 /* run_argv_test.sh */ = {isa = PBXFileReference; fileEncoding = 4; lastKnownFileType = text.script.sh; path = run_argv_test.sh; sourceTree = "<group>"; };
		8D8917C51D70D19F00351894 /* runtest.py */ = {isa = PBXFileReference; fileEncoding = 4; lastKnownFileType = text.script.python; path = runtest.py; sourceTree = "<group>"; };
		8D8917C61D70D78B00351894 /* libreadline.tbd */ = {isa = PBXFileReference; lastKnownFileType = "sourcecode.text-based-dylib-definition"; name = libreadline.tbd; path = usr/lib/libreadline.tbd; sourceTree = SDKROOT; };
		8D8917C91D74F8A700351894 /* SESyntaxParser.h */ = {isa = PBXFileReference; lastKnownFileType = sourcecode.c.h; path = SESyntaxParser.h; sourceTree = "<group>"; };
		8D8917CA1D74F8A700351894 /* SESyntaxParser.m */ = {isa = PBXFileReference; lastKnownFileType = sourcecode.c.objc; path = SESyntaxParser.m; sourceTree = "<group>"; };
		8D8917CF1D74F91900351894 /* step1_read_print */ = {isa = PBXFileReference; explicitFileType = "compiled.mach-o.executable"; includeInIndex = 0; path = step1_read_print; sourceTree = BUILT_PRODUCTS_DIR; };
		8D8917D81D74FA2E00351894 /* step1_read_print.h */ = {isa = PBXFileReference; fileEncoding = 4; lastKnownFileType = sourcecode.c.h; path = step1_read_print.h; sourceTree = "<group>"; };
		8D8917D91D74FA2E00351894 /* step1_read_print.m */ = {isa = PBXFileReference; fileEncoding = 4; lastKnownFileType = sourcecode.c.objc; path = step1_read_print.m; sourceTree = "<group>"; };
		8D8C74A01D88DC95007AE095 /* step3_env */ = {isa = PBXFileReference; explicitFileType = "compiled.mach-o.executable"; includeInIndex = 0; path = step3_env; sourceTree = BUILT_PRODUCTS_DIR; };
		8D8C74A11D88DDF3007AE095 /* MALEnv.h */ = {isa = PBXFileReference; fileEncoding = 4; lastKnownFileType = sourcecode.c.h; path = MALEnv.h; sourceTree = "<group>"; };
		8D8C74A21D88DDF3007AE095 /* MALEnv.m */ = {isa = PBXFileReference; fileEncoding = 4; lastKnownFileType = sourcecode.c.objc; path = MALEnv.m; sourceTree = "<group>"; };
		8D8C74A51D88E24C007AE095 /* step3_env.m */ = {isa = PBXFileReference; fileEncoding = 4; lastKnownFileType = sourcecode.c.objc; path = step3_env.m; sourceTree = "<group>"; };
		8D8C74A81D88E28C007AE095 /* step3_env.h */ = {isa = PBXFileReference; lastKnownFileType = sourcecode.c.h; path = step3_env.h; sourceTree = "<group>"; };
		8D8CDD481D7E941300B28817 /* MALList.m */ = {isa = PBXFileReference; fileEncoding = 4; lastKnownFileType = sourcecode.c.objc; path = MALList.m; sourceTree = "<group>"; };
		8D8CDD4A1D7E943700B28817 /* MALList.h */ = {isa = PBXFileReference; lastKnownFileType = sourcecode.c.h; path = MALList.h; sourceTree = "<group>"; };
		8D8CDD591D7F4F1700B28817 /* step2_eval */ = {isa = PBXFileReference; explicitFileType = "compiled.mach-o.executable"; includeInIndex = 0; path = step2_eval; sourceTree = BUILT_PRODUCTS_DIR; };
		8D8CDD5A1D7F4F6300B28817 /* step2_eval.m */ = {isa = PBXFileReference; fileEncoding = 4; lastKnownFileType = sourcecode.c.objc; path = step2_eval.m; sourceTree = "<group>"; };
		8D8CDD5C1D7F4F8500B28817 /* step2_eval.h */ = {isa = PBXFileReference; fileEncoding = 4; lastKnownFileType = sourcecode.c.h; path = step2_eval.h; sourceTree = "<group>"; };
		8DB4C9601D8C6E26000743BA /* step4_if_fn_do */ = {isa = PBXFileReference; explicitFileType = "compiled.mach-o.executable"; includeInIndex = 0; path = step4_if_fn_do; sourceTree = BUILT_PRODUCTS_DIR; };
		8DB4C9611D8C6E93000743BA /* step4_if_fn_do.m */ = {isa = PBXFileReference; fileEncoding = 4; lastKnownFileType = sourcecode.c.objc; path = step4_if_fn_do.m; sourceTree = "<group>"; };
		8DB4C9621D8C6E93000743BA /* step4_if_fn_do.h */ = {isa = PBXFileReference; fileEncoding = 4; lastKnownFileType = sourcecode.c.h; path = step4_if_fn_do.h; sourceTree = "<group>"; };
		8DB4C9661D8FDCC1000743BA /* core.h */ = {isa = PBXFileReference; fileEncoding = 4; lastKnownFileType = sourcecode.c.h; path = core.h; sourceTree = "<group>"; };
		8DB4C9671D8FDCC1000743BA /* core.m */ = {isa = PBXFileReference; fileEncoding = 4; lastKnownFileType = sourcecode.c.objc; path = core.m; sourceTree = "<group>"; };
		8DE93FD61DB00ABC0073462E /* TODO.txt */ = {isa = PBXFileReference; fileEncoding = 4; lastKnownFileType = text; path = TODO.txt; sourceTree = "<group>"; };
/* End PBXFileReference section */

/* Begin PBXFrameworksBuildPhase section */
		8D454BD21D6FD291007C7554 /* Frameworks */ = {
			isa = PBXFrameworksBuildPhase;
			buildActionMask = 2147483647;
			files = (
				8D511F511D77C921003ED9FC /* libreadline.tbd in Frameworks */,
			);
			runOnlyForDeploymentPostprocessing = 0;
		};
		8D454BE21D6FD3D4007C7554 /* Frameworks */ = {
			isa = PBXFrameworksBuildPhase;
			buildActionMask = 2147483647;
			files = (
				8D8917C71D70D78B00351894 /* libreadline.tbd in Frameworks */,
			);
			runOnlyForDeploymentPostprocessing = 0;
		};
		8D8917CC1D74F91900351894 /* Frameworks */ = {
			isa = PBXFrameworksBuildPhase;
			buildActionMask = 2147483647;
			files = (
				8D8917DC1D74FA8700351894 /* libreadline.tbd in Frameworks */,
			);
			runOnlyForDeploymentPostprocessing = 0;
		};
		8D8C74991D88DC95007AE095 /* Frameworks */ = {
			isa = PBXFrameworksBuildPhase;
			buildActionMask = 2147483647;
			files = (
				8D8C749A1D88DC95007AE095 /* libreadline.tbd in Frameworks */,
			);
			runOnlyForDeploymentPostprocessing = 0;
		};
		8D8CDD521D7F4F1700B28817 /* Frameworks */ = {
			isa = PBXFrameworksBuildPhase;
			buildActionMask = 2147483647;
			files = (
				8D8CDD531D7F4F1700B28817 /* libreadline.tbd in Frameworks */,
			);
			runOnlyForDeploymentPostprocessing = 0;
		};
		8DB4C9591D8C6E26000743BA /* Frameworks */ = {
			isa = PBXFrameworksBuildPhase;
			buildActionMask = 2147483647;
			files = (
				8DB4C95A1D8C6E26000743BA /* libreadline.tbd in Frameworks */,
			);
			runOnlyForDeploymentPostprocessing = 0;
		};
/* End PBXFrameworksBuildPhase section */

/* Begin PBXGroup section */
		8D454BCC1D6FD291007C7554 = {
			isa = PBXGroup;
			children = (
				8D470A701DB7FFB1005D4286 /* MALKeyword.h */,
				8D470A711DB7FFB1005D4286 /* MALKeyword.m */,
				8DE93FD61DB00ABC0073462E /* TODO.txt */,
				8D8C74A11D88DDF3007AE095 /* MALEnv.h */,
				8D8C74A21D88DDF3007AE095 /* MALEnv.m */,
				8D8CDD4A1D7E943700B28817 /* MALList.h */,
				8D8CDD481D7E941300B28817 /* MALList.m */,
				8DB4C9661D8FDCC1000743BA /* core.h */,
				8DB4C9671D8FDCC1000743BA /* core.m */,
				8D511F4B1D779F43003ED9FC /* NSObject+Types.h */,
				8D511F4C1D779F43003ED9FC /* NSObject+Types.m */,
				8D8917C61D70D78B00351894 /* libreadline.tbd */,
				8D8917C41D70D19F00351894 /* run_argv_test.sh */,
				8D8917C51D70D19F00351894 /* runtest.py */,
				8D8917C91D74F8A700351894 /* SESyntaxParser.h */,
				8D8917CA1D74F8A700351894 /* SESyntaxParser.m */,
				8D8917C11D6FD84100351894 /* step0_repl.h */,
				8D8917BF1D6FD4F200351894 /* step0_repl.m */,
				8D8917D81D74FA2E00351894 /* step1_read_print.h */,
				8D8917D91D74FA2E00351894 /* step1_read_print.m */,
				8D8CDD5C1D7F4F8500B28817 /* step2_eval.h */,
				8D8CDD5A1D7F4F6300B28817 /* step2_eval.m */,
				8D8C74A81D88E28C007AE095 /* step3_env.h */,
				8D8C74A51D88E24C007AE095 /* step3_env.m */,
				8DB4C9621D8C6E93000743BA /* step4_if_fn_do.h */,
				8DB4C9611D8C6E93000743BA /* step4_if_fn_do.m */,
				8D454BD61D6FD291007C7554 /* Products */,
				8D8917C31D70D17400351894 /* tests */,
			);
			sourceTree = "<group>";
		};
		8D454BD61D6FD291007C7554 /* Products */ = {
			isa = PBXGroup;
			children = (
				8D454BD51D6FD291007C7554 /* mal */,
				8D454BE71D6FD3D4007C7554 /* step0_repl */,
				8D8917CF1D74F91900351894 /* step1_read_print */,
				8D8CDD591D7F4F1700B28817 /* step2_eval */,
				8D8C74A01D88DC95007AE095 /* step3_env */,
				8DB4C9601D8C6E26000743BA /* step4_if_fn_do */,
			);
			name = Products;
			sourceTree = "<group>";
		};
/* End PBXGroup section */

/* Begin PBXNativeTarget section */
		8D454BD41D6FD291007C7554 /* mal */ = {
			isa = PBXNativeTarget;
			buildConfigurationList = 8D454BDC1D6FD291007C7554 /* Build configuration list for PBXNativeTarget "mal" */;
			buildPhases = (
				8D454BD11D6FD291007C7554 /* Sources */,
				8D454BD21D6FD291007C7554 /* Frameworks */,
				8D454BD31D6FD291007C7554 /* CopyFiles */,
			);
			buildRules = (
			);
			dependencies = (
			);
			name = mal;
			productName = mal;
			productReference = 8D454BD51D6FD291007C7554 /* mal */;
			productType = "com.apple.product-type.tool";
		};
		8D454BDF1D6FD3D4007C7554 /* step0_repl */ = {
			isa = PBXNativeTarget;
			buildConfigurationList = 8D454BE41D6FD3D4007C7554 /* Build configuration list for PBXNativeTarget "step0_repl" */;
			buildPhases = (
				8D454BE01D6FD3D4007C7554 /* Sources */,
				8D454BE21D6FD3D4007C7554 /* Frameworks */,
				8D8917C21D70D13700351894 /* Run Tests */,
			);
			buildRules = (
			);
			dependencies = (
			);
			name = step0_repl;
			productName = mal;
			productReference = 8D454BE71D6FD3D4007C7554 /* step0_repl */;
			productType = "com.apple.product-type.tool";
		};
		8D8917CE1D74F91900351894 /* step1_read_print */ = {
			isa = PBXNativeTarget;
			buildConfigurationList = 8D8917D31D74F91900351894 /* Build configuration list for PBXNativeTarget "step1_read_print" */;
			buildPhases = (
				8D8917CB1D74F91900351894 /* Sources */,
				8D8917CC1D74F91900351894 /* Frameworks */,
				8D8917CD1D74F91900351894 /* CopyFiles */,
				8D8917D61D74F93300351894 /* ShellScript */,
			);
			buildRules = (
			);
			dependencies = (
			);
			name = step1_read_print;
			productName = step1_read_print;
			productReference = 8D8917CF1D74F91900351894 /* step1_read_print */;
			productType = "com.apple.product-type.tool";
		};
		8D8C74931D88DC95007AE095 /* step3_env */ = {
			isa = PBXNativeTarget;
			buildConfigurationList = 8D8C749D1D88DC95007AE095 /* Build configuration list for PBXNativeTarget "step3_env" */;
			buildPhases = (
				8D8C74941D88DC95007AE095 /* Sources */,
				8D8C74991D88DC95007AE095 /* Frameworks */,
				8D8C749B1D88DC95007AE095 /* CopyFiles */,
				8D8C749C1D88DC95007AE095 /* ShellScript */,
			);
			buildRules = (
			);
			dependencies = (
			);
			name = step3_env;
			productName = step1_read_print;
			productReference = 8D8C74A01D88DC95007AE095 /* step3_env */;
			productType = "com.apple.product-type.tool";
		};
		8D8CDD4C1D7F4F1700B28817 /* step2_eval */ = {
			isa = PBXNativeTarget;
			buildConfigurationList = 8D8CDD561D7F4F1700B28817 /* Build configuration list for PBXNativeTarget "step2_eval" */;
			buildPhases = (
				8D8CDD4D1D7F4F1700B28817 /* Sources */,
				8D8CDD521D7F4F1700B28817 /* Frameworks */,
				8D8CDD541D7F4F1700B28817 /* CopyFiles */,
				8D8CDD551D7F4F1700B28817 /* ShellScript */,
			);
			buildRules = (
			);
			dependencies = (
			);
			name = step2_eval;
			productName = step1_read_print;
			productReference = 8D8CDD591D7F4F1700B28817 /* step2_eval */;
			productType = "com.apple.product-type.tool";
		};
		8DB4C9521D8C6E26000743BA /* step4_if_fn_do */ = {
			isa = PBXNativeTarget;
			buildConfigurationList = 8DB4C95D1D8C6E26000743BA /* Build configuration list for PBXNativeTarget "step4_if_fn_do" */;
			buildPhases = (
				8DB4C9531D8C6E26000743BA /* Sources */,
				8DB4C9591D8C6E26000743BA /* Frameworks */,
				8DB4C95B1D8C6E26000743BA /* CopyFiles */,
				8DB4C95C1D8C6E26000743BA /* ShellScript */,
			);
			buildRules = (
			);
			dependencies = (
			);
			name = step4_if_fn_do;
			productName = step1_read_print;
			productReference = 8DB4C9601D8C6E26000743BA /* step4_if_fn_do */;
			productType = "com.apple.product-type.tool";
		};
/* End PBXNativeTarget section */

/* Begin PBXProject section */
		8D454BCD1D6FD291007C7554 /* Project object */ = {
			isa = PBXProject;
			attributes = {
				LastUpgradeCheck = 0800;
				ORGANIZATIONNAME = "Dirk Theisen";
				TargetAttributes = {
					8D454BD41D6FD291007C7554 = {
						CreatedOnToolsVersion = 7.3.1;
					};
					8D8917CE1D74F91900351894 = {
						CreatedOnToolsVersion = 7.3.1;
					};
				};
			};
			buildConfigurationList = 8D454BD01D6FD291007C7554 /* Build configuration list for PBXProject "mal" */;
			compatibilityVersion = "Xcode 3.2";
			developmentRegion = English;
			hasScannedForEncodings = 0;
			knownRegions = (
				en,
			);
			mainGroup = 8D454BCC1D6FD291007C7554;
			productRefGroup = 8D454BD61D6FD291007C7554 /* Products */;
			projectDirPath = "";
			projectRoot = "";
			targets = (
				8D454BDF1D6FD3D4007C7554 /* step0_repl */,
				8D8917CE1D74F91900351894 /* step1_read_print */,
				8D8CDD4C1D7F4F1700B28817 /* step2_eval */,
				8D8C74931D88DC95007AE095 /* step3_env */,
				8DB4C9521D8C6E26000743BA /* step4_if_fn_do */,
				8D454BD41D6FD291007C7554 /* mal */,
			);
		};
/* End PBXProject section */

/* Begin PBXShellScriptBuildPhase section */
		8D8917C21D70D13700351894 /* Run Tests */ = {
			isa = PBXShellScriptBuildPhase;
			buildActionMask = 2147483647;
			files = (
			);
			inputPaths = (
			);
			name = "Run Tests";
			outputPaths = (
			);
			runOnlyForDeploymentPostprocessing = 0;
			shellPath = /bin/sh;
			shellScript = "export STEP=$TARGETNAME\nexport MAL_IMPL=Objective-C\n../runtest.py --deferrable --optional ../tests/$TARGETNAME.mal -- $CODESIGNING_FOLDER_PATH\n";
		};
		8D8917D61D74F93300351894 /* ShellScript */ = {
			isa = PBXShellScriptBuildPhase;
			buildActionMask = 2147483647;
			files = (
			);
			inputPaths = (
			);
			outputPaths = (
			);
			runOnlyForDeploymentPostprocessing = 0;
			shellPath = /bin/sh;
			shellScript = "export STEP=$TARGETNAME\nexport MAL_IMPL=Objective-C\n../runtest.py --deferrable --optional ../tests/$TARGETNAME.mal -- $CODESIGNING_FOLDER_PATH\n";
		};
		8D8C749C1D88DC95007AE095 /* ShellScript */ = {
			isa = PBXShellScriptBuildPhase;
			buildActionMask = 2147483647;
			files = (
			);
			inputPaths = (
			);
			outputPaths = (
			);
			runOnlyForDeploymentPostprocessing = 0;
			shellPath = /bin/sh;
			shellScript = "export STEP=$TARGETNAME\nexport MAL_IMPL=Objective-C\n../runtest.py --deferrable --optional ../tests/$TARGETNAME.mal -- $CODESIGNING_FOLDER_PATH\n";
		};
		8D8CDD551D7F4F1700B28817 /* ShellScript */ = {
			isa = PBXShellScriptBuildPhase;
			buildActionMask = 2147483647;
			files = (
			);
			inputPaths = (
			);
			outputPaths = (
			);
			runOnlyForDeploymentPostprocessing = 0;
			shellPath = /bin/sh;
			shellScript = "export STEP=$TARGETNAME\nexport MAL_IMPL=Objective-C\n../runtest.py --deferrable --optional ../tests/$TARGETNAME.mal -- $CODESIGNING_FOLDER_PATH\n";
		};
		8DB4C95C1D8C6E26000743BA /* ShellScript */ = {
			isa = PBXShellScriptBuildPhase;
			buildActionMask = 2147483647;
			files = (
			);
			inputPaths = (
			);
			outputPaths = (
			);
			runOnlyForDeploymentPostprocessing = 0;
			shellPath = /bin/sh;
			shellScript = "export STEP=$TARGETNAME\nexport MAL_IMPL=Objective-C\n../runtest.py --deferrable --optional ../tests/$TARGETNAME.mal -- $CODESIGNING_FOLDER_PATH\n";
		};
/* End PBXShellScriptBuildPhase section */

/* Begin PBXSourcesBuildPhase section */
		8D454BD11D6FD291007C7554 /* Sources */ = {
			isa = PBXSourcesBuildPhase;
			buildActionMask = 2147483647;
			files = (
				8DB4C9691D8FDCC1000743BA /* core.m in Sources */,
				8D470A731DB7FFB1005D4286 /* MALKeyword.m in Sources */,
				8DB4C9651D8C6EAB000743BA /* step4_if_fn_do.m in Sources */,
				8D8C74A41D88DDF3007AE095 /* MALEnv.m in Sources */,
				8D511F4F1D77C8F6003ED9FC /* NSObject+Types.m in Sources */,
				8D8CDD4B1D7EB7E000B28817 /* MALList.m in Sources */,
				8D511F501D77C8F9003ED9FC /* SESyntaxParser.m in Sources */,
			);
			runOnlyForDeploymentPostprocessing = 0;
		};
		8D454BE01D6FD3D4007C7554 /* Sources */ = {
			isa = PBXSourcesBuildPhase;
			buildActionMask = 2147483647;
			files = (
				8D8917C01D6FD4F200351894 /* step0_repl.m in Sources */,
			);
			runOnlyForDeploymentPostprocessing = 0;
		};
		8D8917CB1D74F91900351894 /* Sources */ = {
			isa = PBXSourcesBuildPhase;
			buildActionMask = 2147483647;
			files = (
				8D8917D71D74F95C00351894 /* SESyntaxParser.m in Sources */,
				8D8CDD5F1D7F504400B28817 /* step1_read_print.m in Sources */,
				8D8CDD491D7E941300B28817 /* MALList.m in Sources */,
				8D511F4D1D779F43003ED9FC /* NSObject+Types.m in Sources */,
			);
			runOnlyForDeploymentPostprocessing = 0;
		};
		8D8C74941D88DC95007AE095 /* Sources */ = {
			isa = PBXSourcesBuildPhase;
			buildActionMask = 2147483647;
			files = (
				8D8C74A31D88DDF3007AE095 /* MALEnv.m in Sources */,
				8D8C74961D88DC95007AE095 /* SESyntaxParser.m in Sources */,
				8D8C74971D88DC95007AE095 /* MALList.m in Sources */,
				8D8C74981D88DC95007AE095 /* NSObject+Types.m in Sources */,
				8D8C74A61D88E24C007AE095 /* step3_env.m in Sources */,
			);
			runOnlyForDeploymentPostprocessing = 0;
		};
		8D8CDD4D1D7F4F1700B28817 /* Sources */ = {
			isa = PBXSourcesBuildPhase;
			buildActionMask = 2147483647;
			files = (
				8D8CDD5D1D7F4F9300B28817 /* step2_eval.m in Sources */,
				8D8CDD4E1D7F4F1700B28817 /* SESyntaxParser.m in Sources */,
				8D8CDD501D7F4F1700B28817 /* MALList.m in Sources */,
				8D8CDD511D7F4F1700B28817 /* NSObject+Types.m in Sources */,
			);
			runOnlyForDeploymentPostprocessing = 0;
		};
		8DB4C9531D8C6E26000743BA /* Sources */ = {
			isa = PBXSourcesBuildPhase;
			buildActionMask = 2147483647;
			files = (
				8DB4C9681D8FDCC1000743BA /* core.m in Sources */,
				8D470A721DB7FFB1005D4286 /* MALKeyword.m in Sources */,
				8DB4C9641D8C6EAA000743BA /* step4_if_fn_do.m in Sources */,
				8DB4C9541D8C6E26000743BA /* MALEnv.m in Sources */,
				8DB4C9551D8C6E26000743BA /* SESyntaxParser.m in Sources */,
				8DB4C9561D8C6E26000743BA /* MALList.m in Sources */,
				8DB4C9571D8C6E26000743BA /* NSObject+Types.m in Sources */,
			);
			runOnlyForDeploymentPostprocessing = 0;
		};
/* End PBXSourcesBuildPhase section */

/* Begin XCBuildConfiguration section */
		8D454BDA1D6FD291007C7554 /* Debug */ = {
			isa = XCBuildConfiguration;
			buildSettings = {
				ALWAYS_SEARCH_USER_PATHS = NO;
				CLANG_ANALYZER_NONNULL = YES;
				CLANG_CXX_LANGUAGE_STANDARD = "gnu++0x";
				CLANG_CXX_LIBRARY = "libc++";
				CLANG_ENABLE_MODULES = YES;
				CLANG_ENABLE_OBJC_ARC = YES;
				CLANG_WARN_BOOL_CONVERSION = YES;
				CLANG_WARN_CONSTANT_CONVERSION = YES;
				CLANG_WARN_DIRECT_OBJC_ISA_USAGE = YES_ERROR;
				CLANG_WARN_EMPTY_BODY = YES;
				CLANG_WARN_ENUM_CONVERSION = YES;
				CLANG_WARN_INFINITE_RECURSION = YES;
				CLANG_WARN_INT_CONVERSION = YES;
				CLANG_WARN_OBJC_ROOT_CLASS = YES_ERROR;
				CLANG_WARN_SUSPICIOUS_MOVE = YES;
				CLANG_WARN_UNREACHABLE_CODE = YES;
				CLANG_WARN__DUPLICATE_METHOD_MATCH = YES;
				CODE_SIGN_IDENTITY = "-";
				COPY_PHASE_STRIP = NO;
				DEBUG_INFORMATION_FORMAT = dwarf;
				ENABLE_STRICT_OBJC_MSGSEND = YES;
				ENABLE_TESTABILITY = YES;
				GCC_C_LANGUAGE_STANDARD = gnu99;
				GCC_DYNAMIC_NO_PIC = NO;
				GCC_NO_COMMON_BLOCKS = YES;
				GCC_OPTIMIZATION_LEVEL = 0;
				GCC_PREPROCESSOR_DEFINITIONS = (
					"DEBUG=1",
					"$(inherited)",
				);
				GCC_WARN_64_TO_32_BIT_CONVERSION = YES;
				GCC_WARN_ABOUT_RETURN_TYPE = YES_ERROR;
				GCC_WARN_UNDECLARED_SELECTOR = YES;
				GCC_WARN_UNINITIALIZED_AUTOS = YES_AGGRESSIVE;
				GCC_WARN_UNUSED_FUNCTION = YES;
				GCC_WARN_UNUSED_VARIABLE = YES;
				MACOSX_DEPLOYMENT_TARGET = 10.11;
				MTL_ENABLE_DEBUG_INFO = YES;
				ONLY_ACTIVE_ARCH = YES;
				SDKROOT = macosx;
			};
			name = Debug;
		};
		8D454BDB1D6FD291007C7554 /* Release */ = {
			isa = XCBuildConfiguration;
			buildSettings = {
				ALWAYS_SEARCH_USER_PATHS = NO;
				CLANG_ANALYZER_NONNULL = YES;
				CLANG_CXX_LANGUAGE_STANDARD = "gnu++0x";
				CLANG_CXX_LIBRARY = "libc++";
				CLANG_ENABLE_MODULES = YES;
				CLANG_ENABLE_OBJC_ARC = YES;
				CLANG_WARN_BOOL_CONVERSION = YES;
				CLANG_WARN_CONSTANT_CONVERSION = YES;
				CLANG_WARN_DIRECT_OBJC_ISA_USAGE = YES_ERROR;
				CLANG_WARN_EMPTY_BODY = YES;
				CLANG_WARN_ENUM_CONVERSION = YES;
				CLANG_WARN_INFINITE_RECURSION = YES;
				CLANG_WARN_INT_CONVERSION = YES;
				CLANG_WARN_OBJC_ROOT_CLASS = YES_ERROR;
				CLANG_WARN_SUSPICIOUS_MOVE = YES;
				CLANG_WARN_UNREACHABLE_CODE = YES;
				CLANG_WARN__DUPLICATE_METHOD_MATCH = YES;
				CODE_SIGN_IDENTITY = "-";
				COPY_PHASE_STRIP = NO;
				DEBUG_INFORMATION_FORMAT = "dwarf-with-dsym";
				ENABLE_NS_ASSERTIONS = NO;
				ENABLE_STRICT_OBJC_MSGSEND = YES;
				GCC_C_LANGUAGE_STANDARD = gnu99;
				GCC_NO_COMMON_BLOCKS = YES;
				GCC_WARN_64_TO_32_BIT_CONVERSION = YES;
				GCC_WARN_ABOUT_RETURN_TYPE = YES_ERROR;
				GCC_WARN_UNDECLARED_SELECTOR = YES;
				GCC_WARN_UNINITIALIZED_AUTOS = YES_AGGRESSIVE;
				GCC_WARN_UNUSED_FUNCTION = YES;
				GCC_WARN_UNUSED_VARIABLE = YES;
				MACOSX_DEPLOYMENT_TARGET = 10.11;
				MTL_ENABLE_DEBUG_INFO = NO;
				SDKROOT = macosx;
			};
			name = Release;
		};
		8D454BDD1D6FD291007C7554 /* Debug */ = {
			isa = XCBuildConfiguration;
			buildSettings = {
				PRODUCT_NAME = "$(TARGET_NAME)";
			};
			name = Debug;
		};
		8D454BDE1D6FD291007C7554 /* Release */ = {
			isa = XCBuildConfiguration;
			buildSettings = {
				PRODUCT_NAME = "$(TARGET_NAME)";
			};
			name = Release;
		};
		8D454BE51D6FD3D4007C7554 /* Debug */ = {
			isa = XCBuildConfiguration;
			buildSettings = {
				PRODUCT_NAME = "$(TARGET_NAME)";
			};
			name = Debug;
		};
		8D454BE61D6FD3D4007C7554 /* Release */ = {
			isa = XCBuildConfiguration;
			buildSettings = {
				PRODUCT_NAME = "$(TARGET_NAME)";
			};
			name = Release;
		};
		8D8917D41D74F91900351894 /* Debug */ = {
			isa = XCBuildConfiguration;
			buildSettings = {
				PRODUCT_NAME = "$(TARGET_NAME)";
			};
			name = Debug;
		};
		8D8917D51D74F91900351894 /* Release */ = {
			isa = XCBuildConfiguration;
			buildSettings = {
				PRODUCT_NAME = "$(TARGET_NAME)";
			};
			name = Release;
		};
		8D8C749E1D88DC95007AE095 /* Debug */ = {
			isa = XCBuildConfiguration;
			buildSettings = {
				PRODUCT_NAME = "$(TARGET_NAME)";
			};
			name = Debug;
		};
		8D8C749F1D88DC95007AE095 /* Release */ = {
			isa = XCBuildConfiguration;
			buildSettings = {
				PRODUCT_NAME = "$(TARGET_NAME)";
			};
			name = Release;
		};
		8D8CDD571D7F4F1700B28817 /* Debug */ = {
			isa = XCBuildConfiguration;
			buildSettings = {
				PRODUCT_NAME = "$(TARGET_NAME)";
			};
			name = Debug;
		};
		8D8CDD581D7F4F1700B28817 /* Release */ = {
			isa = XCBuildConfiguration;
			buildSettings = {
				PRODUCT_NAME = "$(TARGET_NAME)";
			};
			name = Release;
		};
		8DB4C95E1D8C6E26000743BA /* Debug */ = {
			isa = XCBuildConfiguration;
			buildSettings = {
				PRODUCT_NAME = "$(TARGET_NAME)";
			};
			name = Debug;
		};
		8DB4C95F1D8C6E26000743BA /* Release */ = {
			isa = XCBuildConfiguration;
			buildSettings = {
				PRODUCT_NAME = "$(TARGET_NAME)";
			};
			name = Release;
		};
/* End XCBuildConfiguration section */

/* Begin XCConfigurationList section */
		8D454BD01D6FD291007C7554 /* Build configuration list for PBXProject "mal" */ = {
			isa = XCConfigurationList;
			buildConfigurations = (
				8D454BDA1D6FD291007C7554 /* Debug */,
				8D454BDB1D6FD291007C7554 /* Release */,
			);
			defaultConfigurationIsVisible = 0;
			defaultConfigurationName = Release;
		};
		8D454BDC1D6FD291007C7554 /* Build configuration list for PBXNativeTarget "mal" */ = {
			isa = XCConfigurationList;
			buildConfigurations = (
				8D454BDD1D6FD291007C7554 /* Debug */,
				8D454BDE1D6FD291007C7554 /* Release */,
			);
			defaultConfigurationIsVisible = 0;
			defaultConfigurationName = Release;
		};
		8D454BE41D6FD3D4007C7554 /* Build configuration list for PBXNativeTarget "step0_repl" */ = {
			isa = XCConfigurationList;
			buildConfigurations = (
				8D454BE51D6FD3D4007C7554 /* Debug */,
				8D454BE61D6FD3D4007C7554 /* Release */,
			);
			defaultConfigurationIsVisible = 0;
			defaultConfigurationName = Release;
		};
		8D8917D31D74F91900351894 /* Build configuration list for PBXNativeTarget "step1_read_print" */ = {
			isa = XCConfigurationList;
			buildConfigurations = (
				8D8917D41D74F91900351894 /* Debug */,
				8D8917D51D74F91900351894 /* Release */,
			);
			defaultConfigurationIsVisible = 0;
			defaultConfigurationName = Release;
		};
		8D8C749D1D88DC95007AE095 /* Build configuration list for PBXNativeTarget "step3_env" */ = {
			isa = XCConfigurationList;
			buildConfigurations = (
				8D8C749E1D88DC95007AE095 /* Debug */,
				8D8C749F1D88DC95007AE095 /* Release */,
			);
			defaultConfigurationIsVisible = 0;
			defaultConfigurationName = Release;
		};
		8D8CDD561D7F4F1700B28817 /* Build configuration list for PBXNativeTarget "step2_eval" */ = {
			isa = XCConfigurationList;
			buildConfigurations = (
				8D8CDD571D7F4F1700B28817 /* Debug */,
				8D8CDD581D7F4F1700B28817 /* Release */,
			);
			defaultConfigurationIsVisible = 0;
			defaultConfigurationName = Release;
		};
		8DB4C95D1D8C6E26000743BA /* Build configuration list for PBXNativeTarget "step4_if_fn_do" */ = {
			isa = XCConfigurationList;
			buildConfigurations = (
				8DB4C95E1D8C6E26000743BA /* Debug */,
				8DB4C95F1D8C6E26000743BA /* Release */,
			);
			defaultConfigurationIsVisible = 0;
			defaultConfigurationName = Release;
		};
/* End XCConfigurationList section */
	};
	rootObject = 8D454BCD1D6FD291007C7554 /* Project object */;
}
