// !$*UTF8*$!
{
	archiveVersion = 1;
	classes = {
	};
	objectVersion = 46;
	objects = {

/* Begin PBXBuildFile section */
		8D470A721DB7FFB1005D4286 /* MALKeyword.m in Sources */ = {isa = PBXBuildFile; fileRef = 8D470A711DB7FFB1005D4286 /* MALKeyword.m */; };
		8D470A731DB7FFB1005D4286 /* MALKeyword.m in Sources */ = {isa = PBXBuildFile; fileRef = 8D470A711DB7FFB1005D4286 /* MALKeyword.m */; };
		8D511F4F1D77C8F6003ED9FC /* NSObject+Types.m in Sources */ = {isa = PBXBuildFile; fileRef = 8D511F4C1D779F43003ED9FC /* NSObject+Types.m */; };
		8D511F501D77C8F9003ED9FC /* SESyntaxParser.m in Sources */ = {isa = PBXBuildFile; fileRef = 8D8917CA1D74F8A700351894 /* SESyntaxParser.m */; };
		8D511F511D77C921003ED9FC /* libreadline.tbd in Frameworks */ = {isa = PBXBuildFile; fileRef = 8D8917C61D70D78B00351894 /* libreadline.tbd */; };
		8D5A49841DBD045A00D90D97 /* core.m in Sources */ = {isa = PBXBuildFile; fileRef = 8DB4C9671D8FDCC1000743BA /* core.m */; };
		8D5A49851DBD045A00D90D97 /* MALKeyword.m in Sources */ = {isa = PBXBuildFile; fileRef = 8D470A711DB7FFB1005D4286 /* MALKeyword.m */; };
		8D5A49871DBD045A00D90D97 /* MALEnv.m in Sources */ = {isa = PBXBuildFile; fileRef = 8D8C74A21D88DDF3007AE095 /* MALEnv.m */; };
		8D5A49881DBD045A00D90D97 /* SESyntaxParser.m in Sources */ = {isa = PBXBuildFile; fileRef = 8D8917CA1D74F8A700351894 /* SESyntaxParser.m */; };
		8D5A49891DBD045A00D90D97 /* MALList.m in Sources */ = {isa = PBXBuildFile; fileRef = 8D8CDD481D7E941300B28817 /* MALList.m */; settings = {COMPILER_FLAGS = "-fno-objc-arc"; }; };
		8D5A498A1DBD045A00D90D97 /* NSObject+Types.m in Sources */ = {isa = PBXBuildFile; fileRef = 8D511F4C1D779F43003ED9FC /* NSObject+Types.m */; };
		8D5A498C1DBD045A00D90D97 /* libreadline.tbd in Frameworks */ = {isa = PBXBuildFile; fileRef = 8D8917C61D70D78B00351894 /* libreadline.tbd */; };
		8D5A499A1DC240A200D90D97 /* core.m in Sources */ = {isa = PBXBuildFile; fileRef = 8DB4C9671D8FDCC1000743BA /* core.m */; };
		8D5A499B1DC240A200D90D97 /* MALKeyword.m in Sources */ = {isa = PBXBuildFile; fileRef = 8D470A711DB7FFB1005D4286 /* MALKeyword.m */; };
		8D5A499D1DC240A200D90D97 /* MALEnv.m in Sources */ = {isa = PBXBuildFile; fileRef = 8D8C74A21D88DDF3007AE095 /* MALEnv.m */; };
		8D5A499E1DC240A200D90D97 /* SESyntaxParser.m in Sources */ = {isa = PBXBuildFile; fileRef = 8D8917CA1D74F8A700351894 /* SESyntaxParser.m */; };
		8D5A499F1DC240A200D90D97 /* MALList.m in Sources */ = {isa = PBXBuildFile; fileRef = 8D8CDD481D7E941300B28817 /* MALList.m */; settings = {COMPILER_FLAGS = "-fno-objc-arc"; }; };
		8D5A49A01DC240A200D90D97 /* NSObject+Types.m in Sources */ = {isa = PBXBuildFile; fileRef = 8D511F4C1D779F43003ED9FC /* NSObject+Types.m */; };
		8D5A49A21DC240A200D90D97 /* libreadline.tbd in Frameworks */ = {isa = PBXBuildFile; fileRef = 8D8917C61D70D78B00351894 /* libreadline.tbd */; };
		8D5A49A91DC2410800D90D97 /* step6_file.m in Sources */ = {isa = PBXBuildFile; fileRef = 8D5A49951DC2401500D90D97 /* step6_file.m */; };
		8D5CC13E1DC788B9008FA8E4 /* core.m in Sources */ = {isa = PBXBuildFile; fileRef = 8DB4C9671D8FDCC1000743BA /* core.m */; };
		8D5CC13F1DC788B9008FA8E4 /* MALKeyword.m in Sources */ = {isa = PBXBuildFile; fileRef = 8D470A711DB7FFB1005D4286 /* MALKeyword.m */; };
		8D5CC1401DC788B9008FA8E4 /* MALEnv.m in Sources */ = {isa = PBXBuildFile; fileRef = 8D8C74A21D88DDF3007AE095 /* MALEnv.m */; };
		8D5CC1411DC788B9008FA8E4 /* SESyntaxParser.m in Sources */ = {isa = PBXBuildFile; fileRef = 8D8917CA1D74F8A700351894 /* SESyntaxParser.m */; };
		8D5CC1421DC788B9008FA8E4 /* MALList.m in Sources */ = {isa = PBXBuildFile; fileRef = 8D8CDD481D7E941300B28817 /* MALList.m */; settings = {COMPILER_FLAGS = "-fno-objc-arc"; }; };
		8D5CC1431DC788B9008FA8E4 /* NSObject+Types.m in Sources */ = {isa = PBXBuildFile; fileRef = 8D511F4C1D779F43003ED9FC /* NSObject+Types.m */; };
		8D5CC1451DC788B9008FA8E4 /* libreadline.tbd in Frameworks */ = {isa = PBXBuildFile; fileRef = 8D8917C61D70D78B00351894 /* libreadline.tbd */; };
		8D5F72AA1DE67C3100AA37E4 /* MALFunction.m in Sources */ = {isa = PBXBuildFile; fileRef = 8D765D5D1DCB3E3E0004EA25 /* MALFunction.m */; };
		8D5F72AB1DE67C3100AA37E4 /* core.m in Sources */ = {isa = PBXBuildFile; fileRef = 8DB4C9671D8FDCC1000743BA /* core.m */; };
		8D5F72AC1DE67C3100AA37E4 /* MALKeyword.m in Sources */ = {isa = PBXBuildFile; fileRef = 8D470A711DB7FFB1005D4286 /* MALKeyword.m */; };
		8D5F72AE1DE67C3100AA37E4 /* MALEnv.m in Sources */ = {isa = PBXBuildFile; fileRef = 8D8C74A21D88DDF3007AE095 /* MALEnv.m */; };
		8D5F72AF1DE67C3100AA37E4 /* SESyntaxParser.m in Sources */ = {isa = PBXBuildFile; fileRef = 8D8917CA1D74F8A700351894 /* SESyntaxParser.m */; };
		8D5F72B01DE67C3100AA37E4 /* MALList.m in Sources */ = {isa = PBXBuildFile; fileRef = 8D8CDD481D7E941300B28817 /* MALList.m */; settings = {COMPILER_FLAGS = "-fno-objc-arc"; }; };
		8D5F72B11DE67C3100AA37E4 /* NSObject+Types.m in Sources */ = {isa = PBXBuildFile; fileRef = 8D511F4C1D779F43003ED9FC /* NSObject+Types.m */; };
		8D5F72B31DE67C3100AA37E4 /* libreadline.tbd in Frameworks */ = {isa = PBXBuildFile; fileRef = 8D8917C61D70D78B00351894 /* libreadline.tbd */; };
		8D6E88881DF0E6370060CCBF /* MALFunction.m in Sources */ = {isa = PBXBuildFile; fileRef = 8D765D5D1DCB3E3E0004EA25 /* MALFunction.m */; };
		8D6E888A1DF0E6370060CCBF /* core.m in Sources */ = {isa = PBXBuildFile; fileRef = 8DB4C9671D8FDCC1000743BA /* core.m */; };
		8D6E888B1DF0E6370060CCBF /* MALKeyword.m in Sources */ = {isa = PBXBuildFile; fileRef = 8D470A711DB7FFB1005D4286 /* MALKeyword.m */; };
		8D6E888C1DF0E6370060CCBF /* MALEnv.m in Sources */ = {isa = PBXBuildFile; fileRef = 8D8C74A21D88DDF3007AE095 /* MALEnv.m */; };
		8D6E888D1DF0E6370060CCBF /* SESyntaxParser.m in Sources */ = {isa = PBXBuildFile; fileRef = 8D8917CA1D74F8A700351894 /* SESyntaxParser.m */; };
		8D6E888E1DF0E6370060CCBF /* MALList.m in Sources */ = {isa = PBXBuildFile; fileRef = 8D8CDD481D7E941300B28817 /* MALList.m */; settings = {COMPILER_FLAGS = "-fno-objc-arc"; }; };
		8D6E888F1DF0E6370060CCBF /* NSObject+Types.m in Sources */ = {isa = PBXBuildFile; fileRef = 8D511F4C1D779F43003ED9FC /* NSObject+Types.m */; };
		8D6E88911DF0E6370060CCBF /* libreadline.tbd in Frameworks */ = {isa = PBXBuildFile; fileRef = 8D8917C61D70D78B00351894 /* libreadline.tbd */; };
		8D765D481DCB33A00004EA25 /* core.m in Sources */ = {isa = PBXBuildFile; fileRef = 8DB4C9671D8FDCC1000743BA /* core.m */; };
		8D765D491DCB33A00004EA25 /* MALKeyword.m in Sources */ = {isa = PBXBuildFile; fileRef = 8D470A711DB7FFB1005D4286 /* MALKeyword.m */; };
		8D765D4A1DCB33A00004EA25 /* MALEnv.m in Sources */ = {isa = PBXBuildFile; fileRef = 8D8C74A21D88DDF3007AE095 /* MALEnv.m */; };
		8D765D4B1DCB33A00004EA25 /* SESyntaxParser.m in Sources */ = {isa = PBXBuildFile; fileRef = 8D8917CA1D74F8A700351894 /* SESyntaxParser.m */; };
		8D765D4C1DCB33A00004EA25 /* MALList.m in Sources */ = {isa = PBXBuildFile; fileRef = 8D8CDD481D7E941300B28817 /* MALList.m */; settings = {COMPILER_FLAGS = "-fno-objc-arc"; }; };
		8D765D4D1DCB33A00004EA25 /* NSObject+Types.m in Sources */ = {isa = PBXBuildFile; fileRef = 8D511F4C1D779F43003ED9FC /* NSObject+Types.m */; };
		8D765D4F1DCB33A00004EA25 /* libreadline.tbd in Frameworks */ = {isa = PBXBuildFile; fileRef = 8D8917C61D70D78B00351894 /* libreadline.tbd */; };
		8D765D591DCB39190004EA25 /* step7_quote.m in Sources */ = {isa = PBXBuildFile; fileRef = 8D5CC14D1DC78950008FA8E4 /* step7_quote.m */; };
		8D765D5B1DCB39210004EA25 /* step8_macros.m in Sources */ = {isa = PBXBuildFile; fileRef = 8D765D571DCB38D50004EA25 /* step8_macros.m */; };
		8D765D5F1DCB3EF10004EA25 /* MALFunction.m in Sources */ = {isa = PBXBuildFile; fileRef = 8D765D5D1DCB3E3E0004EA25 /* MALFunction.m */; };
		8D765D601DCB3EF10004EA25 /* MALFunction.m in Sources */ = {isa = PBXBuildFile; fileRef = 8D765D5D1DCB3E3E0004EA25 /* MALFunction.m */; };
		8D8917C01D6FD4F200351894 /* step0_repl.m in Sources */ = {isa = PBXBuildFile; fileRef = 8D8917BF1D6FD4F200351894 /* step0_repl.m */; };
		8D8917C71D70D78B00351894 /* libreadline.tbd in Frameworks */ = {isa = PBXBuildFile; fileRef = 8D8917C61D70D78B00351894 /* libreadline.tbd */; };
		8D8917D71D74F95C00351894 /* SESyntaxParser.m in Sources */ = {isa = PBXBuildFile; fileRef = 8D8917CA1D74F8A700351894 /* SESyntaxParser.m */; };
		8D8917DC1D74FA8700351894 /* libreadline.tbd in Frameworks */ = {isa = PBXBuildFile; fileRef = 8D8917C61D70D78B00351894 /* libreadline.tbd */; };
		8D8C74961D88DC95007AE095 /* SESyntaxParser.m in Sources */ = {isa = PBXBuildFile; fileRef = 8D8917CA1D74F8A700351894 /* SESyntaxParser.m */; };
		8D8C74971D88DC95007AE095 /* MALList.m in Sources */ = {isa = PBXBuildFile; fileRef = 8D8CDD481D7E941300B28817 /* MALList.m */; settings = {COMPILER_FLAGS = "-fno-objc-arc"; }; };
		8D8C749A1D88DC95007AE095 /* libreadline.tbd in Frameworks */ = {isa = PBXBuildFile; fileRef = 8D8917C61D70D78B00351894 /* libreadline.tbd */; };
		8D8C74A31D88DDF3007AE095 /* MALEnv.m in Sources */ = {isa = PBXBuildFile; fileRef = 8D8C74A21D88DDF3007AE095 /* MALEnv.m */; };
		8D8C74A41D88DDF3007AE095 /* MALEnv.m in Sources */ = {isa = PBXBuildFile; fileRef = 8D8C74A21D88DDF3007AE095 /* MALEnv.m */; };
		8D8C74A61D88E24C007AE095 /* step3_env.m in Sources */ = {isa = PBXBuildFile; fileRef = 8D8C74A51D88E24C007AE095 /* step3_env.m */; };
		8D8CDD491D7E941300B28817 /* MALList.m in Sources */ = {isa = PBXBuildFile; fileRef = 8D8CDD481D7E941300B28817 /* MALList.m */; settings = {COMPILER_FLAGS = "-fno-objc-arc"; }; };
		8D8CDD4B1D7EB7E000B28817 /* MALList.m in Sources */ = {isa = PBXBuildFile; fileRef = 8D8CDD481D7E941300B28817 /* MALList.m */; settings = {COMPILER_FLAGS = "-fno-objc-arc"; }; };
		8D8CDD4E1D7F4F1700B28817 /* SESyntaxParser.m in Sources */ = {isa = PBXBuildFile; fileRef = 8D8917CA1D74F8A700351894 /* SESyntaxParser.m */; };
		8D8CDD501D7F4F1700B28817 /* MALList.m in Sources */ = {isa = PBXBuildFile; fileRef = 8D8CDD481D7E941300B28817 /* MALList.m */; settings = {COMPILER_FLAGS = "-fno-objc-arc"; }; };
		8D8CDD531D7F4F1700B28817 /* libreadline.tbd in Frameworks */ = {isa = PBXBuildFile; fileRef = 8D8917C61D70D78B00351894 /* libreadline.tbd */; };
		8D8CDD5D1D7F4F9300B28817 /* step2_eval.m in Sources */ = {isa = PBXBuildFile; fileRef = 8D8CDD5A1D7F4F6300B28817 /* step2_eval.m */; };
		8D8CDD5F1D7F504400B28817 /* step1_read_print.m in Sources */ = {isa = PBXBuildFile; fileRef = 8D8917D91D74FA2E00351894 /* step1_read_print.m */; };
		8D8FA2041E022F5800BC663E /* NSObject+Types.m in Sources */ = {isa = PBXBuildFile; fileRef = 8D511F4C1D779F43003ED9FC /* NSObject+Types.m */; };
		8D8FA2051E022F5800BC663E /* NSObject+Types.m in Sources */ = {isa = PBXBuildFile; fileRef = 8D511F4C1D779F43003ED9FC /* NSObject+Types.m */; };
		8D8FA2061E022F5800BC663E /* NSObject+Types.m in Sources */ = {isa = PBXBuildFile; fileRef = 8D511F4C1D779F43003ED9FC /* NSObject+Types.m */; };
		8D8FA2081E022F6400BC663E /* stepA_mal.m in Sources */ = {isa = PBXBuildFile; fileRef = 8D6E88991DF0E6740060CCBF /* stepA_mal.m */; };
		8D8FA2091E022F6B00BC663E /* step9_try.m in Sources */ = {isa = PBXBuildFile; fileRef = 8D5F72A61DE67AA600AA37E4 /* step9_try.m */; };
		8DB4C9541D8C6E26000743BA /* MALEnv.m in Sources */ = {isa = PBXBuildFile; fileRef = 8D8C74A21D88DDF3007AE095 /* MALEnv.m */; };
		8DB4C9551D8C6E26000743BA /* SESyntaxParser.m in Sources */ = {isa = PBXBuildFile; fileRef = 8D8917CA1D74F8A700351894 /* SESyntaxParser.m */; };
		8DB4C9561D8C6E26000743BA /* MALList.m in Sources */ = {isa = PBXBuildFile; fileRef = 8D8CDD481D7E941300B28817 /* MALList.m */; settings = {COMPILER_FLAGS = "-fno-objc-arc"; }; };
		8DB4C9571D8C6E26000743BA /* NSObject+Types.m in Sources */ = {isa = PBXBuildFile; fileRef = 8D511F4C1D779F43003ED9FC /* NSObject+Types.m */; };
		8DB4C95A1D8C6E26000743BA /* libreadline.tbd in Frameworks */ = {isa = PBXBuildFile; fileRef = 8D8917C61D70D78B00351894 /* libreadline.tbd */; };
		8DB4C9641D8C6EAA000743BA /* step4_if_fn_do.m in Sources */ = {isa = PBXBuildFile; fileRef = 8DB4C9611D8C6E93000743BA /* step4_if_fn_do.m */; };
		8DB4C9681D8FDCC1000743BA /* core.m in Sources */ = {isa = PBXBuildFile; fileRef = 8DB4C9671D8FDCC1000743BA /* core.m */; };
		8DB4C9691D8FDCC1000743BA /* core.m in Sources */ = {isa = PBXBuildFile; fileRef = 8DB4C9671D8FDCC1000743BA /* core.m */; };
		8DEE36581DF7A3A100291E08 /* step9_try.m in Sources */ = {isa = PBXBuildFile; fileRef = 8D5F72A61DE67AA600AA37E4 /* step9_try.m */; };
/* End PBXBuildFile section */

/* Begin PBXCopyFilesBuildPhase section */
		8D454BD31D6FD291007C7554 /* CopyFiles */ = {
			isa = PBXCopyFilesBuildPhase;
			buildActionMask = 2147483647;
			dstPath = /usr/share/man/man1/;
			dstSubfolderSpec = 0;
			files = (
			);
			runOnlyForDeploymentPostprocessing = 1;
		};
		8D5A498D1DBD045A00D90D97 /* CopyFiles */ = {
			isa = PBXCopyFilesBuildPhase;
			buildActionMask = 2147483647;
			dstPath = /usr/share/man/man1/;
			dstSubfolderSpec = 0;
			files = (
			);
			runOnlyForDeploymentPostprocessing = 1;
		};
		8D5A49A31DC240A200D90D97 /* CopyFiles */ = {
			isa = PBXCopyFilesBuildPhase;
			buildActionMask = 2147483647;
			dstPath = /usr/share/man/man1/;
			dstSubfolderSpec = 0;
			files = (
			);
			runOnlyForDeploymentPostprocessing = 1;
		};
		8D5CC1461DC788B9008FA8E4 /* CopyFiles */ = {
			isa = PBXCopyFilesBuildPhase;
			buildActionMask = 2147483647;
			dstPath = /usr/share/man/man1/;
			dstSubfolderSpec = 0;
			files = (
			);
			runOnlyForDeploymentPostprocessing = 1;
		};
		8D5F72B41DE67C3100AA37E4 /* CopyFiles */ = {
			isa = PBXCopyFilesBuildPhase;
			buildActionMask = 2147483647;
			dstPath = /usr/share/man/man1/;
			dstSubfolderSpec = 0;
			files = (
			);
			runOnlyForDeploymentPostprocessing = 1;
		};
		8D6E88921DF0E6370060CCBF /* CopyFiles */ = {
			isa = PBXCopyFilesBuildPhase;
			buildActionMask = 2147483647;
			dstPath = /usr/share/man/man1/;
			dstSubfolderSpec = 0;
			files = (
			);
			runOnlyForDeploymentPostprocessing = 1;
		};
		8D765D501DCB33A00004EA25 /* CopyFiles */ = {
			isa = PBXCopyFilesBuildPhase;
			buildActionMask = 2147483647;
			dstPath = /usr/share/man/man1/;
			dstSubfolderSpec = 0;
			files = (
			);
			runOnlyForDeploymentPostprocessing = 1;
		};
		8D8917CD1D74F91900351894 /* CopyFiles */ = {
			isa = PBXCopyFilesBuildPhase;
			buildActionMask = 2147483647;
			dstPath = /usr/share/man/man1/;
			dstSubfolderSpec = 0;
			files = (
			);
			runOnlyForDeploymentPostprocessing = 1;
		};
		8D8C749B1D88DC95007AE095 /* CopyFiles */ = {
			isa = PBXCopyFilesBuildPhase;
			buildActionMask = 2147483647;
			dstPath = /usr/share/man/man1/;
			dstSubfolderSpec = 0;
			files = (
			);
			runOnlyForDeploymentPostprocessing = 1;
		};
		8D8CDD541D7F4F1700B28817 /* CopyFiles */ = {
			isa = PBXCopyFilesBuildPhase;
			buildActionMask = 2147483647;
			dstPath = /usr/share/man/man1/;
			dstSubfolderSpec = 0;
			files = (
			);
			runOnlyForDeploymentPostprocessing = 1;
		};
		8DB4C95B1D8C6E26000743BA /* CopyFiles */ = {
			isa = PBXCopyFilesBuildPhase;
			buildActionMask = 2147483647;
			dstPath = /usr/share/man/man1/;
			dstSubfolderSpec = 0;
			files = (
			);
			runOnlyForDeploymentPostprocessing = 1;
		};
/* End PBXCopyFilesBuildPhase section */

/* Begin PBXFileReference section */
		8D454BD51D6FD291007C7554 /* mal */ = {isa = PBXFileReference; explicitFileType = "compiled.mach-o.executable"; includeInIndex = 0; path = mal; sourceTree = BUILT_PRODUCTS_DIR; };
		8D454BE71D6FD3D4007C7554 /* step0_repl */ = {isa = PBXFileReference; explicitFileType = "compiled.mach-o.executable"; includeInIndex = 0; path = step0_repl; sourceTree = BUILT_PRODUCTS_DIR; };
		8D470A701DB7FFB1005D4286 /* MALKeyword.h */ = {isa = PBXFileReference; fileEncoding = 4; lastKnownFileType = sourcecode.c.h; path = MALKeyword.h; sourceTree = "<group>"; };
		8D470A711DB7FFB1005D4286 /* MALKeyword.m */ = {isa = PBXFileReference; fileEncoding = 4; lastKnownFileType = sourcecode.c.objc; path = MALKeyword.m; sourceTree = "<group>"; };
		8D511F4B1D779F43003ED9FC /* NSObject+Types.h */ = {isa = PBXFileReference; fileEncoding = 4; lastKnownFileType = sourcecode.c.h; path = "NSObject+Types.h"; sourceTree = "<group>"; };
		8D511F4C1D779F43003ED9FC /* NSObject+Types.m */ = {isa = PBXFileReference; fileEncoding = 4; lastKnownFileType = sourcecode.c.objc; path = "NSObject+Types.m"; sourceTree = "<group>"; };
		8D5A497D1DBCFFC700D90D97 /* guide.pdf */ = {isa = PBXFileReference; lastKnownFileType = image.pdf; path = guide.pdf; sourceTree = "<group>"; };
		8D5A497E1DBD042B00D90D97 /* step5_tco.h */ = {isa = PBXFileReference; fileEncoding = 4; lastKnownFileType = sourcecode.c.h; path = step5_tco.h; sourceTree = "<group>"; };
		8D5A497F1DBD042B00D90D97 /* step5_tco.m */ = {isa = PBXFileReference; fileEncoding = 4; lastKnownFileType = sourcecode.c.objc; path = step5_tco.m; sourceTree = "<group>"; };
		8D5A49921DBD045A00D90D97 /* step5_tco */ = {isa = PBXFileReference; explicitFileType = "compiled.mach-o.executable"; includeInIndex = 0; path = step5_tco; sourceTree = BUILT_PRODUCTS_DIR; };
		8D5A49941DC2401500D90D97 /* step6_file.h */ = {isa = PBXFileReference; fileEncoding = 4; lastKnownFileType = sourcecode.c.h; path = step6_file.h; sourceTree = "<group>"; };
		8D5A49951DC2401500D90D97 /* step6_file.m */ = {isa = PBXFileReference; fileEncoding = 4; lastKnownFileType = sourcecode.c.objc; path = step6_file.m; sourceTree = "<group>"; };
		8D5A49A81DC240A200D90D97 /* step6_file */ = {isa = PBXFileReference; explicitFileType = "compiled.mach-o.executable"; includeInIndex = 0; path = step6_file; sourceTree = BUILT_PRODUCTS_DIR; };
		8D5CC14B1DC788B9008FA8E4 /* step7_quote */ = {isa = PBXFileReference; explicitFileType = "compiled.mach-o.executable"; includeInIndex = 0; path = step7_quote; sourceTree = BUILT_PRODUCTS_DIR; };
		8D5CC14C1DC78950008FA8E4 /* step7_quote.h */ = {isa = PBXFileReference; fileEncoding = 4; lastKnownFileType = sourcecode.c.h; path = step7_quote.h; sourceTree = "<group>"; };
		8D5CC14D1DC78950008FA8E4 /* step7_quote.m */ = {isa = PBXFileReference; fileEncoding = 4; lastKnownFileType = sourcecode.c.objc; path = step7_quote.m; sourceTree = "<group>"; };
		8D5F72A51DE67AA600AA37E4 /* step9_try.h */ = {isa = PBXFileReference; fileEncoding = 4; lastKnownFileType = sourcecode.c.h; path = step9_try.h; sourceTree = "<group>"; };
		8D5F72A61DE67AA600AA37E4 /* step9_try.m */ = {isa = PBXFileReference; fileEncoding = 4; lastKnownFileType = sourcecode.c.objc; path = step9_try.m; sourceTree = "<group>"; };
		8D5F72B91DE67C3100AA37E4 /* step9_try */ = {isa = PBXFileReference; explicitFileType = "compiled.mach-o.executable"; includeInIndex = 0; path = step9_try; sourceTree = BUILT_PRODUCTS_DIR; };
		8D6E88971DF0E6370060CCBF /* stepA_mal */ = {isa = PBXFileReference; explicitFileType = "compiled.mach-o.executable"; includeInIndex = 0; path = stepA_mal; sourceTree = BUILT_PRODUCTS_DIR; };
		8D6E88981DF0E6740060CCBF /* stepA_mal.h */ = {isa = PBXFileReference; fileEncoding = 4; lastKnownFileType = sourcecode.c.h; path = stepA_mal.h; sourceTree = "<group>"; };
		8D6E88991DF0E6740060CCBF /* stepA_mal.m */ = {isa = PBXFileReference; fileEncoding = 4; lastKnownFileType = sourcecode.c.objc; path = stepA_mal.m; sourceTree = "<group>"; };
		8D765D551DCB33A00004EA25 /* step8_macros */ = {isa = PBXFileReference; explicitFileType = "compiled.mach-o.executable"; includeInIndex = 0; path = step8_macros; sourceTree = BUILT_PRODUCTS_DIR; };
		8D765D561DCB38D50004EA25 /* step8_macros.h */ = {isa = PBXFileReference; fileEncoding = 4; lastKnownFileType = sourcecode.c.h; path = step8_macros.h; sourceTree = "<group>"; };
		8D765D571DCB38D50004EA25 /* step8_macros.m */ = {isa = PBXFileReference; fileEncoding = 4; lastKnownFileType = sourcecode.c.objc; path = step8_macros.m; sourceTree = "<group>"; };
		8D765D5C1DCB3E3E0004EA25 /* MALFunction.h */ = {isa = PBXFileReference; fileEncoding = 4; lastKnownFileType = sourcecode.c.h; path = MALFunction.h; sourceTree = "<group>"; };
		8D765D5D1DCB3E3E0004EA25 /* MALFunction.m */ = {isa = PBXFileReference; fileEncoding = 4; lastKnownFileType = sourcecode.c.objc; path = MALFunction.m; sourceTree = "<group>"; };
		8D8917BF1D6FD4F200351894 /* step0_repl.m */ = {isa = PBXFileReference; fileEncoding = 4; lastKnownFileType = sourcecode.c.objc; path = step0_repl.m; sourceTree = "<group>"; };
		8D8917C11D6FD84100351894 /* step0_repl.h */ = {isa = PBXFileReference; lastKnownFileType = sourcecode.c.h; path = step0_repl.h; sourceTree = "<group>"; };
		8D8917C41D70D19F00351894 /* run_argv_test.sh */ = {isa = PBXFileReference; fileEncoding = 4; lastKnownFileType = text.script.sh; path = run_argv_test.sh; sourceTree = "<group>"; };
		8D8917C61D70D78B00351894 /* libreadline.tbd */ = {isa = PBXFileReference; lastKnownFileType = "sourcecode.text-based-dylib-definition"; name = libreadline.tbd; path = usr/lib/libreadline.tbd; sourceTree = SDKROOT; };
		8D8917C91D74F8A700351894 /* SESyntaxParser.h */ = {isa = PBXFileReference; lastKnownFileType = sourcecode.c.h; path = SESyntaxParser.h; sourceTree = "<group>"; };
		8D8917CA1D74F8A700351894 /* SESyntaxParser.m */ = {isa = PBXFileReference; lastKnownFileType = sourcecode.c.objc; path = SESyntaxParser.m; sourceTree = "<group>"; };
		8D8917CF1D74F91900351894 /* step1_read_print */ = {isa = PBXFileReference; explicitFileType = "compiled.mach-o.executable"; includeInIndex = 0; path = step1_read_print; sourceTree = BUILT_PRODUCTS_DIR; };
		8D8917D81D74FA2E00351894 /* step1_read_print.h */ = {isa = PBXFileReference; fileEncoding = 4; lastKnownFileType = sourcecode.c.h; path = step1_read_print.h; sourceTree = "<group>"; };
		8D8917D91D74FA2E00351894 /* step1_read_print.m */ = {isa = PBXFileReference; fileEncoding = 4; lastKnownFileType = sourcecode.c.objc; path = step1_read_print.m; sourceTree = "<group>"; };
		8D8C74A01D88DC95007AE095 /* step3_env */ = {isa = PBXFileReference; explicitFileType = "compiled.mach-o.executable"; includeInIndex = 0; path = step3_env; sourceTree = BUILT_PRODUCTS_DIR; };
		8D8C74A11D88DDF3007AE095 /* MALEnv.h */ = {isa = PBXFileReference; fileEncoding = 4; lastKnownFileType = sourcecode.c.h; path = MALEnv.h; sourceTree = "<group>"; };
		8D8C74A21D88DDF3007AE095 /* MALEnv.m */ = {isa = PBXFileReference; fileEncoding = 4; lastKnownFileType = sourcecode.c.objc; path = MALEnv.m; sourceTree = "<group>"; };
		8D8C74A51D88E24C007AE095 /* step3_env.m */ = {isa = PBXFileReference; fileEncoding = 4; lastKnownFileType = sourcecode.c.objc; path = step3_env.m; sourceTree = "<group>"; };
		8D8C74A81D88E28C007AE095 /* step3_env.h */ = {isa = PBXFileReference; lastKnownFileType = sourcecode.c.h; path = step3_env.h; sourceTree = "<group>"; };
		8D8CDD481D7E941300B28817 /* MALList.m */ = {isa = PBXFileReference; fileEncoding = 4; lastKnownFileType = sourcecode.c.objc; path = MALList.m; sourceTree = "<group>"; };
		8D8CDD4A1D7E943700B28817 /* MALList.h */ = {isa = PBXFileReference; lastKnownFileType = sourcecode.c.h; path = MALList.h; sourceTree = "<group>"; };
		8D8CDD591D7F4F1700B28817 /* step2_eval */ = {isa = PBXFileReference; explicitFileType = "compiled.mach-o.executable"; includeInIndex = 0; path = step2_eval; sourceTree = BUILT_PRODUCTS_DIR; };
		8D8CDD5A1D7F4F6300B28817 /* step2_eval.m */ = {isa = PBXFileReference; fileEncoding = 4; lastKnownFileType = sourcecode.c.objc; path = step2_eval.m; sourceTree = "<group>"; };
		8D8CDD5C1D7F4F8500B28817 /* step2_eval.h */ = {isa = PBXFileReference; fileEncoding = 4; lastKnownFileType = sourcecode.c.h; path = step2_eval.h; sourceTree = "<group>"; };
		8DB4C9601D8C6E26000743BA /* step4_if_fn_do */ = {isa = PBXFileReference; explicitFileType = "compiled.mach-o.executable"; includeInIndex = 0; path = step4_if_fn_do; sourceTree = BUILT_PRODUCTS_DIR; };
		8DB4C9611D8C6E93000743BA /* step4_if_fn_do.m */ = {isa = PBXFileReference; fileEncoding = 4; lastKnownFileType = sourcecode.c.objc; path = step4_if_fn_do.m; sourceTree = "<group>"; };
		8DB4C9621D8C6E93000743BA /* step4_if_fn_do.h */ = {isa = PBXFileReference; fileEncoding = 4; lastKnownFileType = sourcecode.c.h; path = step4_if_fn_do.h; sourceTree = "<group>"; };
		8DB4C9661D8FDCC1000743BA /* core.h */ = {isa = PBXFileReference; fileEncoding = 4; lastKnownFileType = sourcecode.c.h; path = core.h; sourceTree = "<group>"; };
		8DB4C9671D8FDCC1000743BA /* core.m */ = {isa = PBXFileReference; fileEncoding = 4; lastKnownFileType = sourcecode.c.objc; path = core.m; sourceTree = "<group>"; };
		8DE93FD61DB00ABC0073462E /* TODO.txt */ = {isa = PBXFileReference; fileEncoding = 4; lastKnownFileType = text; path = TODO.txt; sourceTree = "<group>"; };
/* End PBXFileReference section */

/* Begin PBXFrameworksBuildPhase section */
		8D454BD21D6FD291007C7554 /* Frameworks */ = {
			isa = PBXFrameworksBuildPhase;
			buildActionMask = 2147483647;
			files = (
				8D511F511D77C921003ED9FC /* libreadline.tbd in Frameworks */,
			);
			runOnlyForDeploymentPostprocessing = 0;
		};
		8D454BE21D6FD3D4007C7554 /* Frameworks */ = {
			isa = PBXFrameworksBuildPhase;
			buildActionMask = 2147483647;
			files = (
				8D8917C71D70D78B00351894 /* libreadline.tbd in Frameworks */,
			);
			runOnlyForDeploymentPostprocessing = 0;
		};
		8D5A498B1DBD045A00D90D97 /* Frameworks */ = {
			isa = PBXFrameworksBuildPhase;
			buildActionMask = 2147483647;
			files = (
				8D5A498C1DBD045A00D90D97 /* libreadline.tbd in Frameworks */,
			);
			runOnlyForDeploymentPostprocessing = 0;
		};
		8D5A49A11DC240A200D90D97 /* Frameworks */ = {
			isa = PBXFrameworksBuildPhase;
			buildActionMask = 2147483647;
			files = (
				8D5A49A21DC240A200D90D97 /* libreadline.tbd in Frameworks */,
			);
			runOnlyForDeploymentPostprocessing = 0;
		};
		8D5CC1441DC788B9008FA8E4 /* Frameworks */ = {
			isa = PBXFrameworksBuildPhase;
			buildActionMask = 2147483647;
			files = (
				8D5CC1451DC788B9008FA8E4 /* libreadline.tbd in Frameworks */,
			);
			runOnlyForDeploymentPostprocessing = 0;
		};
		8D5F72B21DE67C3100AA37E4 /* Frameworks */ = {
			isa = PBXFrameworksBuildPhase;
			buildActionMask = 2147483647;
			files = (
				8D5F72B31DE67C3100AA37E4 /* libreadline.tbd in Frameworks */,
			);
			runOnlyForDeploymentPostprocessing = 0;
		};
		8D6E88901DF0E6370060CCBF /* Frameworks */ = {
			isa = PBXFrameworksBuildPhase;
			buildActionMask = 2147483647;
			files = (
				8D6E88911DF0E6370060CCBF /* libreadline.tbd in Frameworks */,
			);
			runOnlyForDeploymentPostprocessing = 0;
		};
		8D765D4E1DCB33A00004EA25 /* Frameworks */ = {
			isa = PBXFrameworksBuildPhase;
			buildActionMask = 2147483647;
			files = (
				8D765D4F1DCB33A00004EA25 /* libreadline.tbd in Frameworks */,
			);
			runOnlyForDeploymentPostprocessing = 0;
		};
		8D8917CC1D74F91900351894 /* Frameworks */ = {
			isa = PBXFrameworksBuildPhase;
			buildActionMask = 2147483647;
			files = (
				8D8917DC1D74FA8700351894 /* libreadline.tbd in Frameworks */,
			);
			runOnlyForDeploymentPostprocessing = 0;
		};
		8D8C74991D88DC95007AE095 /* Frameworks */ = {
			isa = PBXFrameworksBuildPhase;
			buildActionMask = 2147483647;
			files = (
				8D8C749A1D88DC95007AE095 /* libreadline.tbd in Frameworks */,
			);
			runOnlyForDeploymentPostprocessing = 0;
		};
		8D8CDD521D7F4F1700B28817 /* Frameworks */ = {
			isa = PBXFrameworksBuildPhase;
			buildActionMask = 2147483647;
			files = (
				8D8CDD531D7F4F1700B28817 /* libreadline.tbd in Frameworks */,
			);
			runOnlyForDeploymentPostprocessing = 0;
		};
		8DB4C9591D8C6E26000743BA /* Frameworks */ = {
			isa = PBXFrameworksBuildPhase;
			buildActionMask = 2147483647;
			files = (
				8DB4C95A1D8C6E26000743BA /* libreadline.tbd in Frameworks */,
			);
			runOnlyForDeploymentPostprocessing = 0;
		};
/* End PBXFrameworksBuildPhase section */

/* Begin PBXGroup section */
		8D454BCC1D6FD291007C7554 = {
			isa = PBXGroup;
			children = (
				8D5A497D1DBCFFC700D90D97 /* guide.pdf */,
				8D8CDD4A1D7E943700B28817 /* MALList.h */,
				8D8CDD481D7E941300B28817 /* MALList.m */,
				8D470A701DB7FFB1005D4286 /* MALKeyword.h */,
				8D470A711DB7FFB1005D4286 /* MALKeyword.m */,
				8DE93FD61DB00ABC0073462E /* TODO.txt */,
				8D8C74A11D88DDF3007AE095 /* MALEnv.h */,
				8D8C74A21D88DDF3007AE095 /* MALEnv.m */,
				8D765D5C1DCB3E3E0004EA25 /* MALFunction.h */,
				8D765D5D1DCB3E3E0004EA25 /* MALFunction.m */,
				8DB4C9661D8FDCC1000743BA /* core.h */,
				8DB4C9671D8FDCC1000743BA /* core.m */,
				8D511F4B1D779F43003ED9FC /* NSObject+Types.h */,
				8D511F4C1D779F43003ED9FC /* NSObject+Types.m */,
				8D8917C61D70D78B00351894 /* libreadline.tbd */,
				8D8917C41D70D19F00351894 /* run_argv_test.sh */,
				8D8917C91D74F8A700351894 /* SESyntaxParser.h */,
				8D8917CA1D74F8A700351894 /* SESyntaxParser.m */,
				8D8917C11D6FD84100351894 /* step0_repl.h */,
				8D8917BF1D6FD4F200351894 /* step0_repl.m */,
				8D8917D81D74FA2E00351894 /* step1_read_print.h */,
				8D8917D91D74FA2E00351894 /* step1_read_print.m */,
				8D8CDD5C1D7F4F8500B28817 /* step2_eval.h */,
				8D8CDD5A1D7F4F6300B28817 /* step2_eval.m */,
				8D8C74A81D88E28C007AE095 /* step3_env.h */,
				8D8C74A51D88E24C007AE095 /* step3_env.m */,
				8DB4C9621D8C6E93000743BA /* step4_if_fn_do.h */,
				8DB4C9611D8C6E93000743BA /* step4_if_fn_do.m */,
				8D5A497E1DBD042B00D90D97 /* step5_tco.h */,
				8D5A497F1DBD042B00D90D97 /* step5_tco.m */,
				8D5A49941DC2401500D90D97 /* step6_file.h */,
				8D5A49951DC2401500D90D97 /* step6_file.m */,
				8D5CC14C1DC78950008FA8E4 /* step7_quote.h */,
				8D5CC14D1DC78950008FA8E4 /* step7_quote.m */,
				8D765D561DCB38D50004EA25 /* step8_macros.h */,
				8D765D571DCB38D50004EA25 /* step8_macros.m */,
				8D5F72A51DE67AA600AA37E4 /* step9_try.h */,
				8D5F72A61DE67AA600AA37E4 /* step9_try.m */,
				8D6E88981DF0E6740060CCBF /* stepA_mal.h */,
				8D6E88991DF0E6740060CCBF /* stepA_mal.m */,
				8D454BD61D6FD291007C7554 /* Products */,
			);
			sourceTree = "<group>";
		};
		8D454BD61D6FD291007C7554 /* Products */ = {
			isa = PBXGroup;
			children = (
				8D454BD51D6FD291007C7554 /* mal */,
				8D454BE71D6FD3D4007C7554 /* step0_repl */,
				8D8917CF1D74F91900351894 /* step1_read_print */,
				8D8CDD591D7F4F1700B28817 /* step2_eval */,
				8D8C74A01D88DC95007AE095 /* step3_env */,
				8DB4C9601D8C6E26000743BA /* step4_if_fn_do */,
				8D5A49921DBD045A00D90D97 /* step5_tco */,
				8D5A49A81DC240A200D90D97 /* step6_file */,
				8D5CC14B1DC788B9008FA8E4 /* step7_quote */,
				8D765D551DCB33A00004EA25 /* step8_macros */,
				8D5F72B91DE67C3100AA37E4 /* step9_try */,
				8D6E88971DF0E6370060CCBF /* stepA_mal */,
			);
			name = Products;
			sourceTree = "<group>";
		};
/* End PBXGroup section */

/* Begin PBXNativeTarget section */
		8D454BD41D6FD291007C7554 /* mal */ = {
			isa = PBXNativeTarget;
			buildConfigurationList = 8D454BDC1D6FD291007C7554 /* Build configuration list for PBXNativeTarget "mal" */;
			buildPhases = (
				8D454BD11D6FD291007C7554 /* Sources */,
				8D454BD21D6FD291007C7554 /* Frameworks */,
				8D454BD31D6FD291007C7554 /* CopyFiles */,
			);
			buildRules = (
			);
			dependencies = (
			);
			name = mal;
			productName = mal;
			productReference = 8D454BD51D6FD291007C7554 /* mal */;
			productType = "com.apple.product-type.tool";
		};
		8D454BDF1D6FD3D4007C7554 /* step0_repl */ = {
			isa = PBXNativeTarget;
			buildConfigurationList = 8D454BE41D6FD3D4007C7554 /* Build configuration list for PBXNativeTarget "step0_repl" */;
			buildPhases = (
				8D454BE01D6FD3D4007C7554 /* Sources */,
				8D454BE21D6FD3D4007C7554 /* Frameworks */,
				8D8917C21D70D13700351894 /* Run Tests */,
			);
			buildRules = (
			);
			dependencies = (
			);
			name = step0_repl;
			productName = mal;
			productReference = 8D454BE71D6FD3D4007C7554 /* step0_repl */;
			productType = "com.apple.product-type.tool";
		};
		8D5A49821DBD045A00D90D97 /* step5_tco */ = {
			isa = PBXNativeTarget;
			buildConfigurationList = 8D5A498F1DBD045A00D90D97 /* Build configuration list for PBXNativeTarget "step5_tco" */;
			buildPhases = (
				8D5A49831DBD045A00D90D97 /* Sources */,
				8D5A498B1DBD045A00D90D97 /* Frameworks */,
				8D5A498D1DBD045A00D90D97 /* CopyFiles */,
				8D5A498E1DBD045A00D90D97 /* ShellScript */,
			);
			buildRules = (
			);
			dependencies = (
			);
			name = step5_tco;
			productName = step1_read_print;
			productReference = 8D5A49921DBD045A00D90D97 /* step5_tco */;
			productType = "com.apple.product-type.tool";
		};
		8D5A49981DC240A200D90D97 /* step6_file */ = {
			isa = PBXNativeTarget;
			buildConfigurationList = 8D5A49A51DC240A200D90D97 /* Build configuration list for PBXNativeTarget "step6_file" */;
			buildPhases = (
				8D5A49991DC240A200D90D97 /* Sources */,
				8D5A49A11DC240A200D90D97 /* Frameworks */,
				8D5A49A31DC240A200D90D97 /* CopyFiles */,
				8D5A49A41DC240A200D90D97 /* ShellScript */,
			);
			buildRules = (
			);
			dependencies = (
			);
			name = step6_file;
			productName = step1_read_print;
			productReference = 8D5A49A81DC240A200D90D97 /* step6_file */;
			productType = "com.apple.product-type.tool";
		};
		8D5CC13B1DC788B9008FA8E4 /* step7_quote */ = {
			isa = PBXNativeTarget;
			buildConfigurationList = 8D5CC1481DC788B9008FA8E4 /* Build configuration list for PBXNativeTarget "step7_quote" */;
			buildPhases = (
				8D5CC13C1DC788B9008FA8E4 /* Sources */,
				8D5CC1441DC788B9008FA8E4 /* Frameworks */,
				8D5CC1461DC788B9008FA8E4 /* CopyFiles */,
				8D5CC1471DC788B9008FA8E4 /* ShellScript */,
			);
			buildRules = (
			);
			dependencies = (
			);
			name = step7_quote;
			productName = step1_read_print;
			productReference = 8D5CC14B1DC788B9008FA8E4 /* step7_quote */;
			productType = "com.apple.product-type.tool";
		};
		8D5F72A81DE67C3100AA37E4 /* step9_try */ = {
			isa = PBXNativeTarget;
			buildConfigurationList = 8D5F72B61DE67C3100AA37E4 /* Build configuration list for PBXNativeTarget "step9_try" */;
			buildPhases = (
				8D5F72A91DE67C3100AA37E4 /* Sources */,
				8D5F72B21DE67C3100AA37E4 /* Frameworks */,
				8D5F72B41DE67C3100AA37E4 /* CopyFiles */,
				8D5F72B51DE67C3100AA37E4 /* ShellScript */,
			);
			buildRules = (
			);
			dependencies = (
			);
			name = step9_try;
			productName = step1_read_print;
			productReference = 8D5F72B91DE67C3100AA37E4 /* step9_try */;
			productType = "com.apple.product-type.tool";
		};
		8D6E88861DF0E6370060CCBF /* stepA_mal */ = {
			isa = PBXNativeTarget;
			buildConfigurationList = 8D6E88941DF0E6370060CCBF /* Build configuration list for PBXNativeTarget "stepA_mal" */;
			buildPhases = (
				8D6E88871DF0E6370060CCBF /* Sources */,
				8D6E88901DF0E6370060CCBF /* Frameworks */,
				8D6E88921DF0E6370060CCBF /* CopyFiles */,
				8D6E88931DF0E6370060CCBF /* Run Tests */,
			);
			buildRules = (
			);
			dependencies = (
			);
			name = stepA_mal;
			productName = step1_read_print;
			productReference = 8D6E88971DF0E6370060CCBF /* stepA_mal */;
			productType = "com.apple.product-type.tool";
		};
		8D765D451DCB33A00004EA25 /* step8_macros */ = {
			isa = PBXNativeTarget;
			buildConfigurationList = 8D765D521DCB33A00004EA25 /* Build configuration list for PBXNativeTarget "step8_macros" */;
			buildPhases = (
				8D765D461DCB33A00004EA25 /* Sources */,
				8D765D4E1DCB33A00004EA25 /* Frameworks */,
				8D765D501DCB33A00004EA25 /* CopyFiles */,
				8D765D511DCB33A00004EA25 /* ShellScript */,
			);
			buildRules = (
			);
			dependencies = (
			);
			name = step8_macros;
			productName = step1_read_print;
			productReference = 8D765D551DCB33A00004EA25 /* step8_macros */;
			productType = "com.apple.product-type.tool";
		};
		8D8917CE1D74F91900351894 /* step1_read_print */ = {
			isa = PBXNativeTarget;
			buildConfigurationList = 8D8917D31D74F91900351894 /* Build configuration list for PBXNativeTarget "step1_read_print" */;
			buildPhases = (
				8D8917CB1D74F91900351894 /* Sources */,
				8D8917CC1D74F91900351894 /* Frameworks */,
				8D8917CD1D74F91900351894 /* CopyFiles */,
				8D8917D61D74F93300351894 /* ShellScript */,
			);
			buildRules = (
			);
			dependencies = (
			);
			name = step1_read_print;
			productName = step1_read_print;
			productReference = 8D8917CF1D74F91900351894 /* step1_read_print */;
			productType = "com.apple.product-type.tool";
		};
		8D8C74931D88DC95007AE095 /* step3_env */ = {
			isa = PBXNativeTarget;
			buildConfigurationList = 8D8C749D1D88DC95007AE095 /* Build configuration list for PBXNativeTarget "step3_env" */;
			buildPhases = (
				8D8C74941D88DC95007AE095 /* Sources */,
				8D8C74991D88DC95007AE095 /* Frameworks */,
				8D8C749B1D88DC95007AE095 /* CopyFiles */,
				8D8C749C1D88DC95007AE095 /* ShellScript */,
			);
			buildRules = (
			);
			dependencies = (
			);
			name = step3_env;
			productName = step1_read_print;
			productReference = 8D8C74A01D88DC95007AE095 /* step3_env */;
			productType = "com.apple.product-type.tool";
		};
		8D8CDD4C1D7F4F1700B28817 /* step2_eval */ = {
			isa = PBXNativeTarget;
			buildConfigurationList = 8D8CDD561D7F4F1700B28817 /* Build configuration list for PBXNativeTarget "step2_eval" */;
			buildPhases = (
				8D8CDD4D1D7F4F1700B28817 /* Sources */,
				8D8CDD521D7F4F1700B28817 /* Frameworks */,
				8D8CDD541D7F4F1700B28817 /* CopyFiles */,
				8D8CDD551D7F4F1700B28817 /* ShellScript */,
			);
			buildRules = (
			);
			dependencies = (
			);
			name = step2_eval;
			productName = step1_read_print;
			productReference = 8D8CDD591D7F4F1700B28817 /* step2_eval */;
			productType = "com.apple.product-type.tool";
		};
		8DB4C9521D8C6E26000743BA /* step4_if_fn_do */ = {
			isa = PBXNativeTarget;
			buildConfigurationList = 8DB4C95D1D8C6E26000743BA /* Build configuration list for PBXNativeTarget "step4_if_fn_do" */;
			buildPhases = (
				8DB4C9531D8C6E26000743BA /* Sources */,
				8DB4C9591D8C6E26000743BA /* Frameworks */,
				8DB4C95B1D8C6E26000743BA /* CopyFiles */,
				8DB4C95C1D8C6E26000743BA /* ShellScript */,
			);
			buildRules = (
			);
			dependencies = (
			);
			name = step4_if_fn_do;
			productName = step1_read_print;
			productReference = 8DB4C9601D8C6E26000743BA /* step4_if_fn_do */;
			productType = "com.apple.product-type.tool";
		};
/* End PBXNativeTarget section */

/* Begin PBXProject section */
		8D454BCD1D6FD291007C7554 /* Project object */ = {
			isa = PBXProject;
			attributes = {
				LastUpgradeCheck = 0800;
				ORGANIZATIONNAME = "Dirk Theisen";
				TargetAttributes = {
					8D454BD41D6FD291007C7554 = {
						CreatedOnToolsVersion = 7.3.1;
					};
					8D8917CE1D74F91900351894 = {
						CreatedOnToolsVersion = 7.3.1;
					};
				};
			};
			buildConfigurationList = 8D454BD01D6FD291007C7554 /* Build configuration list for PBXProject "mal" */;
			compatibilityVersion = "Xcode 3.2";
			developmentRegion = English;
			hasScannedForEncodings = 0;
			knownRegions = (
				en,
			);
			mainGroup = 8D454BCC1D6FD291007C7554;
			productRefGroup = 8D454BD61D6FD291007C7554 /* Products */;
			projectDirPath = "";
			projectRoot = "";
			targets = (
				8D454BDF1D6FD3D4007C7554 /* step0_repl */,
				8D8917CE1D74F91900351894 /* step1_read_print */,
				8D8CDD4C1D7F4F1700B28817 /* step2_eval */,
				8D8C74931D88DC95007AE095 /* step3_env */,
				8DB4C9521D8C6E26000743BA /* step4_if_fn_do */,
				8D5A49821DBD045A00D90D97 /* step5_tco */,
				8D5A49981DC240A200D90D97 /* step6_file */,
				8D5CC13B1DC788B9008FA8E4 /* step7_quote */,
				8D765D451DCB33A00004EA25 /* step8_macros */,
				8D454BD41D6FD291007C7554 /* mal */,
				8D5F72A81DE67C3100AA37E4 /* step9_try */,
				8D6E88861DF0E6370060CCBF /* stepA_mal */,
			);
		};
/* End PBXProject section */

/* Begin PBXShellScriptBuildPhase section */
		8D5A498E1DBD045A00D90D97 /* ShellScript */ = {
			isa = PBXShellScriptBuildPhase;
			buildActionMask = 2147483647;
			files = (
			);
			inputPaths = (
			);
			outputPaths = (
			);
			runOnlyForDeploymentPostprocessing = 0;
			shellPath = /bin/sh;
			shellScript = "export STEP=$TARGETNAME\nexport MAL_IMPL=Objective-C\n../runtest.py --deferrable --optional ../tests/$TARGETNAME.mal -- $CODESIGNING_FOLDER_PATH\n";
		};
		8D5A49A41DC240A200D90D97 /* ShellScript */ = {
			isa = PBXShellScriptBuildPhase;
			buildActionMask = 2147483647;
			files = (
			);
			inputPaths = (
			);
			outputPaths = (
			);
			runOnlyForDeploymentPostprocessing = 0;
			shellPath = /bin/sh;
			shellScript = "export STEP=$TARGETNAME\nexport MAL_IMPL=Objective-C\n../runtest.py --deferrable --optional ../tests/$TARGETNAME.mal -- $CODESIGNING_FOLDER_PATH\n";
		};
		8D5CC1471DC788B9008FA8E4 /* ShellScript */ = {
			isa = PBXShellScriptBuildPhase;
			buildActionMask = 2147483647;
			files = (
			);
			inputPaths = (
			);
			outputPaths = (
			);
			runOnlyForDeploymentPostprocessing = 0;
			shellPath = /bin/sh;
			shellScript = "export STEP=$TARGETNAME\nexport MAL_IMPL=Objective-C\n../runtest.py --deferrable --optional ../tests/$TARGETNAME.mal -- $CODESIGNING_FOLDER_PATH\n";
		};
		8D5F72B51DE67C3100AA37E4 /* ShellScript */ = {
			isa = PBXShellScriptBuildPhase;
			buildActionMask = 2147483647;
			files = (
			);
			inputPaths = (
			);
			outputPaths = (
			);
			runOnlyForDeploymentPostprocessing = 0;
			shellPath = /bin/sh;
			shellScript = "export STEP=$TARGETNAME\nexport MAL_IMPL=Objective-C\n../runtest.py --deferrable --optional ../tests/$TARGETNAME.mal -- $CODESIGNING_FOLDER_PATH\n";
		};
		8D6E88931DF0E6370060CCBF /* Run Tests */ = {
			isa = PBXShellScriptBuildPhase;
			buildActionMask = 2147483647;
			files = (
			);
			inputPaths = (
			);
			name = "Run Tests";
			outputPaths = (
			);
			runOnlyForDeploymentPostprocessing = 0;
			shellPath = /bin/sh;
			shellScript = "export STEP=$TARGETNAME\nexport MAL_IMPL=Objective-C\n../runtest.py --deferrable --optional ../tests/$TARGETNAME.mal -- $CODESIGNING_FOLDER_PATH\n";
		};
		8D765D511DCB33A00004EA25 /* ShellScript */ = {
			isa = PBXShellScriptBuildPhase;
			buildActionMask = 2147483647;
			files = (
			);
			inputPaths = (
			);
			outputPaths = (
			);
			runOnlyForDeploymentPostprocessing = 0;
			shellPath = /bin/sh;
			shellScript = "export STEP=$TARGETNAME\nexport MAL_IMPL=Objective-C\n../runtest.py --deferrable --optional ../tests/$TARGETNAME.mal -- $CODESIGNING_FOLDER_PATH\n";
		};
		8D8917C21D70D13700351894 /* Run Tests */ = {
			isa = PBXShellScriptBuildPhase;
			buildActionMask = 2147483647;
			files = (
			);
			inputPaths = (
			);
			name = "Run Tests";
			outputPaths = (
			);
			runOnlyForDeploymentPostprocessing = 0;
			shellPath = /bin/sh;
			shellScript = "export STEP=$TARGETNAME\nexport MAL_IMPL=Objective-C\n../runtest.py --deferrable --optional ../tests/$TARGETNAME.mal -- $CODESIGNING_FOLDER_PATH\n";
		};
		8D8917D61D74F93300351894 /* ShellScript */ = {
			isa = PBXShellScriptBuildPhase;
			buildActionMask = 2147483647;
			files = (
			);
			inputPaths = (
			);
			outputPaths = (
			);
			runOnlyForDeploymentPostprocessing = 0;
			shellPath = /bin/sh;
			shellScript = "export STEP=$TARGETNAME\nexport MAL_IMPL=Objective-C\n../runtest.py --deferrable --optional ../tests/$TARGETNAME.mal -- $CODESIGNING_FOLDER_PATH\n";
		};
		8D8C749C1D88DC95007AE095 /* ShellScript */ = {
			isa = PBXShellScriptBuildPhase;
			buildActionMask = 2147483647;
			files = (
			);
			inputPaths = (
			);
			outputPaths = (
			);
			runOnlyForDeploymentPostprocessing = 0;
			shellPath = /bin/sh;
			shellScript = "export STEP=$TARGETNAME\nexport MAL_IMPL=Objective-C\n../runtest.py --deferrable --optional ../tests/$TARGETNAME.mal -- $CODESIGNING_FOLDER_PATH\n";
		};
		8D8CDD551D7F4F1700B28817 /* ShellScript */ = {
			isa = PBXShellScriptBuildPhase;
			buildActionMask = 2147483647;
			files = (
			);
			inputPaths = (
			);
			outputPaths = (
			);
			runOnlyForDeploymentPostprocessing = 0;
			shellPath = /bin/sh;
			shellScript = "export STEP=$TARGETNAME\nexport MAL_IMPL=Objective-C\n../runtest.py --deferrable --optional ../tests/$TARGETNAME.mal -- $CODESIGNING_FOLDER_PATH\n";
		};
		8DB4C95C1D8C6E26000743BA /* ShellScript */ = {
			isa = PBXShellScriptBuildPhase;
			buildActionMask = 2147483647;
			files = (
			);
			inputPaths = (
			);
			outputPaths = (
			);
			runOnlyForDeploymentPostprocessing = 0;
			shellPath = /bin/sh;
			shellScript = "export STEP=$TARGETNAME\nexport MAL_IMPL=Objective-C\n../runtest.py --deferrable --optional ../tests/$TARGETNAME.mal -- $CODESIGNING_FOLDER_PATH\n";
		};
/* End PBXShellScriptBuildPhase section */

/* Begin PBXSourcesBuildPhase section */
		8D454BD11D6FD291007C7554 /* Sources */ = {
			isa = PBXSourcesBuildPhase;
			buildActionMask = 2147483647;
			files = (
				8D765D5F1DCB3EF10004EA25 /* MALFunction.m in Sources */,
				8D8FA2091E022F6B00BC663E /* step9_try.m in Sources */,
				8DB4C9691D8FDCC1000743BA /* core.m in Sources */,
				8D470A731DB7FFB1005D4286 /* MALKeyword.m in Sources */,
				8D8C74A41D88DDF3007AE095 /* MALEnv.m in Sources */,
				8D511F4F1D77C8F6003ED9FC /* NSObject+Types.m in Sources */,
				8D8CDD4B1D7EB7E000B28817 /* MALList.m in Sources */,
				8D511F501D77C8F9003ED9FC /* SESyntaxParser.m in Sources */,
			);
			runOnlyForDeploymentPostprocessing = 0;
		};
		8D454BE01D6FD3D4007C7554 /* Sources */ = {
			isa = PBXSourcesBuildPhase;
			buildActionMask = 2147483647;
			files = (
				8D8917C01D6FD4F200351894 /* step0_repl.m in Sources */,
			);
			runOnlyForDeploymentPostprocessing = 0;
		};
		8D5A49831DBD045A00D90D97 /* Sources */ = {
			isa = PBXSourcesBuildPhase;
			buildActionMask = 2147483647;
			files = (
				8D5A49841DBD045A00D90D97 /* core.m in Sources */,
				8D5A49851DBD045A00D90D97 /* MALKeyword.m in Sources */,
				8D5A49871DBD045A00D90D97 /* MALEnv.m in Sources */,
				8D5A49881DBD045A00D90D97 /* SESyntaxParser.m in Sources */,
				8D5A49891DBD045A00D90D97 /* MALList.m in Sources */,
				8D5A498A1DBD045A00D90D97 /* NSObject+Types.m in Sources */,
			);
			runOnlyForDeploymentPostprocessing = 0;
		};
		8D5A49991DC240A200D90D97 /* Sources */ = {
			isa = PBXSourcesBuildPhase;
			buildActionMask = 2147483647;
			files = (
				8D5A49A91DC2410800D90D97 /* step6_file.m in Sources */,
				8D5A499A1DC240A200D90D97 /* core.m in Sources */,
				8D5A499B1DC240A200D90D97 /* MALKeyword.m in Sources */,
				8D5A499D1DC240A200D90D97 /* MALEnv.m in Sources */,
				8D5A499E1DC240A200D90D97 /* SESyntaxParser.m in Sources */,
				8D5A499F1DC240A200D90D97 /* MALList.m in Sources */,
				8D5A49A01DC240A200D90D97 /* NSObject+Types.m in Sources */,
			);
			runOnlyForDeploymentPostprocessing = 0;
		};
		8D5CC13C1DC788B9008FA8E4 /* Sources */ = {
			isa = PBXSourcesBuildPhase;
			buildActionMask = 2147483647;
			files = (
				8D5CC13E1DC788B9008FA8E4 /* core.m in Sources */,
				8D5CC13F1DC788B9008FA8E4 /* MALKeyword.m in Sources */,
				8D5CC1401DC788B9008FA8E4 /* MALEnv.m in Sources */,
				8D5CC1411DC788B9008FA8E4 /* SESyntaxParser.m in Sources */,
				8D5CC1421DC788B9008FA8E4 /* MALList.m in Sources */,
				8D5CC1431DC788B9008FA8E4 /* NSObject+Types.m in Sources */,
				8D765D591DCB39190004EA25 /* step7_quote.m in Sources */,
			);
			runOnlyForDeploymentPostprocessing = 0;
		};
		8D5F72A91DE67C3100AA37E4 /* Sources */ = {
			isa = PBXSourcesBuildPhase;
			buildActionMask = 2147483647;
			files = (
				8D5F72AA1DE67C3100AA37E4 /* MALFunction.m in Sources */,
				8DEE36581DF7A3A100291E08 /* step9_try.m in Sources */,
				8D5F72AB1DE67C3100AA37E4 /* core.m in Sources */,
				8D5F72AC1DE67C3100AA37E4 /* MALKeyword.m in Sources */,
				8D5F72AE1DE67C3100AA37E4 /* MALEnv.m in Sources */,
				8D5F72AF1DE67C3100AA37E4 /* SESyntaxParser.m in Sources */,
				8D5F72B01DE67C3100AA37E4 /* MALList.m in Sources */,
				8D5F72B11DE67C3100AA37E4 /* NSObject+Types.m in Sources */,
			);
			runOnlyForDeploymentPostprocessing = 0;
		};
		8D6E88871DF0E6370060CCBF /* Sources */ = {
			isa = PBXSourcesBuildPhase;
			buildActionMask = 2147483647;
			files = (
				8D6E88881DF0E6370060CCBF /* MALFunction.m in Sources */,
				8D6E888A1DF0E6370060CCBF /* core.m in Sources */,
				8D6E888B1DF0E6370060CCBF /* MALKeyword.m in Sources */,
				8D6E888C1DF0E6370060CCBF /* MALEnv.m in Sources */,
				8D8FA2081E022F6400BC663E /* stepA_mal.m in Sources */,
				8D6E888D1DF0E6370060CCBF /* SESyntaxParser.m in Sources */,
				8D6E888E1DF0E6370060CCBF /* MALList.m in Sources */,
				8D6E888F1DF0E6370060CCBF /* NSObject+Types.m in Sources */,
			);
			runOnlyForDeploymentPostprocessing = 0;
		};
		8D765D461DCB33A00004EA25 /* Sources */ = {
			isa = PBXSourcesBuildPhase;
			buildActionMask = 2147483647;
			files = (
				8D765D601DCB3EF10004EA25 /* MALFunction.m in Sources */,
				8D765D481DCB33A00004EA25 /* core.m in Sources */,
				8D765D491DCB33A00004EA25 /* MALKeyword.m in Sources */,
				8D765D5B1DCB39210004EA25 /* step8_macros.m in Sources */,
				8D765D4A1DCB33A00004EA25 /* MALEnv.m in Sources */,
				8D765D4B1DCB33A00004EA25 /* SESyntaxParser.m in Sources */,
				8D765D4C1DCB33A00004EA25 /* MALList.m in Sources */,
				8D765D4D1DCB33A00004EA25 /* NSObject+Types.m in Sources */,
			);
			runOnlyForDeploymentPostprocessing = 0;
		};
		8D8917CB1D74F91900351894 /* Sources */ = {
			isa = PBXSourcesBuildPhase;
			buildActionMask = 2147483647;
			files = (
				8D8917D71D74F95C00351894 /* SESyntaxParser.m in Sources */,
				8D8CDD5F1D7F504400B28817 /* step1_read_print.m in Sources */,
				8D8CDD491D7E941300B28817 /* MALList.m in Sources */,
				8D8FA2061E022F5800BC663E /* NSObject+Types.m in Sources */,
			);
			runOnlyForDeploymentPostprocessing = 0;
		};
		8D8C74941D88DC95007AE095 /* Sources */ = {
			isa = PBXSourcesBuildPhase;
			buildActionMask = 2147483647;
			files = (
				8D8FA2041E022F5800BC663E /* NSObject+Types.m in Sources */,
				8D8C74A31D88DDF3007AE095 /* MALEnv.m in Sources */,
				8D8C74961D88DC95007AE095 /* SESyntaxParser.m in Sources */,
				8D8C74971D88DC95007AE095 /* MALList.m in Sources */,
				8D8C74A61D88E24C007AE095 /* step3_env.m in Sources */,
			);
			runOnlyForDeploymentPostprocessing = 0;
		};
		8D8CDD4D1D7F4F1700B28817 /* Sources */ = {
			isa = PBXSourcesBuildPhase;
			buildActionMask = 2147483647;
			files = (
				8D8CDD5D1D7F4F9300B28817 /* step2_eval.m in Sources */,
				8D8CDD4E1D7F4F1700B28817 /* SESyntaxParser.m in Sources */,
				8D8CDD501D7F4F1700B28817 /* MALList.m in Sources */,
				8D8FA2051E022F5800BC663E /* NSObject+Types.m in Sources */,
			);
			runOnlyForDeploymentPostprocessing = 0;
		};
		8DB4C9531D8C6E26000743BA /* Sources */ = {
			isa = PBXSourcesBuildPhase;
			buildActionMask = 2147483647;
			files = (
				8DB4C9681D8FDCC1000743BA /* core.m in Sources */,
				8D470A721DB7FFB1005D4286 /* MALKeyword.m in Sources */,
				8DB4C9641D8C6EAA000743BA /* step4_if_fn_do.m in Sources */,
				8DB4C9541D8C6E26000743BA /* MALEnv.m in Sources */,
				8DB4C9551D8C6E26000743BA /* SESyntaxParser.m in Sources */,
				8DB4C9561D8C6E26000743BA /* MALList.m in Sources */,
				8DB4C9571D8C6E26000743BA /* NSObject+Types.m in Sources */,
			);
			runOnlyForDeploymentPostprocessing = 0;
		};
/* End PBXSourcesBuildPhase section */

/* Begin XCBuildConfiguration section */
		8D454BDA1D6FD291007C7554 /* Debug */ = {
			isa = XCBuildConfiguration;
			buildSettings = {
				ALWAYS_SEARCH_USER_PATHS = NO;
				CLANG_ANALYZER_NONNULL = YES;
				CLANG_CXX_LANGUAGE_STANDARD = "gnu++0x";
				CLANG_CXX_LIBRARY = "libc++";
				CLANG_ENABLE_MODULES = YES;
				CLANG_ENABLE_OBJC_ARC = YES;
				CLANG_WARN_BOOL_CONVERSION = YES;
				CLANG_WARN_CONSTANT_CONVERSION = YES;
				CLANG_WARN_DIRECT_OBJC_ISA_USAGE = YES_ERROR;
				CLANG_WARN_EMPTY_BODY = YES;
				CLANG_WARN_ENUM_CONVERSION = YES;
				CLANG_WARN_INFINITE_RECURSION = YES;
				CLANG_WARN_INT_CONVERSION = YES;
				CLANG_WARN_OBJC_ROOT_CLASS = YES_ERROR;
				CLANG_WARN_SUSPICIOUS_MOVE = YES;
				CLANG_WARN_UNREACHABLE_CODE = YES;
				CLANG_WARN__DUPLICATE_METHOD_MATCH = YES;
				CODE_SIGN_IDENTITY = "-";
				COPY_PHASE_STRIP = NO;
				DEBUG_INFORMATION_FORMAT = dwarf;
				ENABLE_STRICT_OBJC_MSGSEND = YES;
				ENABLE_TESTABILITY = YES;
				GCC_C_LANGUAGE_STANDARD = gnu99;
				GCC_DYNAMIC_NO_PIC = NO;
				GCC_NO_COMMON_BLOCKS = YES;
				GCC_OPTIMIZATION_LEVEL = 0;
				GCC_PREPROCESSOR_DEFINITIONS = (
					"DEBUG=1",
					"$(inherited)",
				);
				GCC_WARN_64_TO_32_BIT_CONVERSION = YES;
				GCC_WARN_ABOUT_RETURN_TYPE = YES_ERROR;
				GCC_WARN_UNDECLARED_SELECTOR = YES;
				GCC_WARN_UNINITIALIZED_AUTOS = YES_AGGRESSIVE;
				GCC_WARN_UNUSED_FUNCTION = YES;
				GCC_WARN_UNUSED_VARIABLE = YES;
				MACOSX_DEPLOYMENT_TARGET = 10.11;
				MTL_ENABLE_DEBUG_INFO = YES;
				ONLY_ACTIVE_ARCH = YES;
				SDKROOT = macosx;
			};
			name = Debug;
		};
		8D454BDB1D6FD291007C7554 /* Release */ = {
			isa = XCBuildConfiguration;
			buildSettings = {
				ALWAYS_SEARCH_USER_PATHS = NO;
				CLANG_ANALYZER_NONNULL = YES;
				CLANG_CXX_LANGUAGE_STANDARD = "gnu++0x";
				CLANG_CXX_LIBRARY = "libc++";
				CLANG_ENABLE_MODULES = YES;
				CLANG_ENABLE_OBJC_ARC = YES;
				CLANG_WARN_BOOL_CONVERSION = YES;
				CLANG_WARN_CONSTANT_CONVERSION = YES;
				CLANG_WARN_DIRECT_OBJC_ISA_USAGE = YES_ERROR;
				CLANG_WARN_EMPTY_BODY = YES;
				CLANG_WARN_ENUM_CONVERSION = YES;
				CLANG_WARN_INFINITE_RECURSION = YES;
				CLANG_WARN_INT_CONVERSION = YES;
				CLANG_WARN_OBJC_ROOT_CLASS = YES_ERROR;
				CLANG_WARN_SUSPICIOUS_MOVE = YES;
				CLANG_WARN_UNREACHABLE_CODE = YES;
				CLANG_WARN__DUPLICATE_METHOD_MATCH = YES;
				CODE_SIGN_IDENTITY = "-";
				COPY_PHASE_STRIP = NO;
				DEBUG_INFORMATION_FORMAT = "dwarf-with-dsym";
				ENABLE_NS_ASSERTIONS = NO;
				ENABLE_STRICT_OBJC_MSGSEND = YES;
				GCC_C_LANGUAGE_STANDARD = gnu99;
				GCC_NO_COMMON_BLOCKS = YES;
				GCC_WARN_64_TO_32_BIT_CONVERSION = YES;
				GCC_WARN_ABOUT_RETURN_TYPE = YES_ERROR;
				GCC_WARN_UNDECLARED_SELECTOR = YES;
				GCC_WARN_UNINITIALIZED_AUTOS = YES_AGGRESSIVE;
				GCC_WARN_UNUSED_FUNCTION = YES;
				GCC_WARN_UNUSED_VARIABLE = YES;
				MACOSX_DEPLOYMENT_TARGET = 10.11;
				MTL_ENABLE_DEBUG_INFO = NO;
				SDKROOT = macosx;
			};
			name = Release;
		};
		8D454BDD1D6FD291007C7554 /* Debug */ = {
			isa = XCBuildConfiguration;
			buildSettings = {
				PRODUCT_NAME = "$(TARGET_NAME)";
			};
			name = Debug;
		};
		8D454BDE1D6FD291007C7554 /* Release */ = {
			isa = XCBuildConfiguration;
			buildSettings = {
				PRODUCT_NAME = "$(TARGET_NAME)";
			};
			name = Release;
		};
		8D454BE51D6FD3D4007C7554 /* Debug */ = {
			isa = XCBuildConfiguration;
			buildSettings = {
				PRODUCT_NAME = "$(TARGET_NAME)";
			};
			name = Debug;
		};
		8D454BE61D6FD3D4007C7554 /* Release */ = {
			isa = XCBuildConfiguration;
			buildSettings = {
				PRODUCT_NAME = "$(TARGET_NAME)";
			};
			name = Release;
		};
		8D5A49901DBD045A00D90D97 /* Debug */ = {
			isa = XCBuildConfiguration;
			buildSettings = {
				PRODUCT_NAME = "$(TARGET_NAME)";
			};
			name = Debug;
		};
		8D5A49911DBD045A00D90D97 /* Release */ = {
			isa = XCBuildConfiguration;
			buildSettings = {
				PRODUCT_NAME = "$(TARGET_NAME)";
			};
			name = Release;
		};
		8D5A49A61DC240A200D90D97 /* Debug */ = {
			isa = XCBuildConfiguration;
			buildSettings = {
				OTHER_CFLAGS = "";
				PRODUCT_NAME = "$(TARGET_NAME)";
				WARNING_CFLAGS = "-Wnullability-completeness";
			};
			name = Debug;
		};
		8D5A49A71DC240A200D90D97 /* Release */ = {
			isa = XCBuildConfiguration;
			buildSettings = {
				OTHER_CFLAGS = "";
				PRODUCT_NAME = "$(TARGET_NAME)";
				WARNING_CFLAGS = "-Wnullability-completeness";
			};
			name = Release;
		};
		8D5CC1491DC788B9008FA8E4 /* Debug */ = {
			isa = XCBuildConfiguration;
			buildSettings = {
				OTHER_CFLAGS = "";
				PRODUCT_NAME = "$(TARGET_NAME)";
				WARNING_CFLAGS = "-Wnullability-completeness";
			};
			name = Debug;
		};
		8D5CC14A1DC788B9008FA8E4 /* Release */ = {
			isa = XCBuildConfiguration;
			buildSettings = {
				OTHER_CFLAGS = "";
				PRODUCT_NAME = "$(TARGET_NAME)";
				WARNING_CFLAGS = "-Wnullability-completeness";
			};
			name = Release;
		};
		8D5F72B71DE67C3100AA37E4 /* Debug */ = {
			isa = XCBuildConfiguration;
			buildSettings = {
				OTHER_CFLAGS = "";
				PRODUCT_NAME = "$(TARGET_NAME)";
				WARNING_CFLAGS = "-Wnullability-completeness";
			};
			name = Debug;
		};
		8D5F72B81DE67C3100AA37E4 /* Release */ = {
			isa = XCBuildConfiguration;
			buildSettings = {
				OTHER_CFLAGS = "";
				PRODUCT_NAME = "$(TARGET_NAME)";
				WARNING_CFLAGS = "-Wnullability-completeness";
			};
			name = Release;
		};
		8D6E88951DF0E6370060CCBF /* Debug */ = {
			isa = XCBuildConfiguration;
			buildSettings = {
				OTHER_CFLAGS = "";
				PRODUCT_NAME = "$(TARGET_NAME)";
				WARNING_CFLAGS = "-Wnullability-completeness";
			};
			name = Debug;
		};
		8D6E88961DF0E6370060CCBF /* Release */ = {
			isa = XCBuildConfiguration;
			buildSettings = {
				OTHER_CFLAGS = "";
				PRODUCT_NAME = "$(TARGET_NAME)";
				WARNING_CFLAGS = "-Wnullability-completeness";
			};
			name = Release;
		};
		8D765D531DCB33A00004EA25 /* Debug */ = {
			isa = XCBuildConfiguration;
			buildSettings = {
				OTHER_CFLAGS = "";
				PRODUCT_NAME = "$(TARGET_NAME)";
				WARNING_CFLAGS = "-Wnullability-completeness";
			};
			name = Debug;
		};
		8D765D541DCB33A00004EA25 /* Release */ = {
			isa = XCBuildConfiguration;
			buildSettings = {
				OTHER_CFLAGS = "";
				PRODUCT_NAME = "$(TARGET_NAME)";
				WARNING_CFLAGS = "-Wnullability-completeness";
			};
			name = Release;
		};
		8D8917D41D74F91900351894 /* Debug */ = {
			isa = XCBuildConfiguration;
			buildSettings = {
				PRODUCT_NAME = "$(TARGET_NAME)";
			};
			name = Debug;
		};
		8D8917D51D74F91900351894 /* Release */ = {
			isa = XCBuildConfiguration;
			buildSettings = {
				PRODUCT_NAME = "$(TARGET_NAME)";
			};
			name = Release;
		};
		8D8C749E1D88DC95007AE095 /* Debug */ = {
			isa = XCBuildConfiguration;
			buildSettings = {
				PRODUCT_NAME = "$(TARGET_NAME)";
			};
			name = Debug;
		};
		8D8C749F1D88DC95007AE095 /* Release */ = {
			isa = XCBuildConfiguration;
			buildSettings = {
				PRODUCT_NAME = "$(TARGET_NAME)";
			};
			name = Release;
		};
		8D8CDD571D7F4F1700B28817 /* Debug */ = {
			isa = XCBuildConfiguration;
			buildSettings = {
				PRODUCT_NAME = "$(TARGET_NAME)";
			};
			name = Debug;
		};
		8D8CDD581D7F4F1700B28817 /* Release */ = {
			isa = XCBuildConfiguration;
			buildSettings = {
				PRODUCT_NAME = "$(TARGET_NAME)";
			};
			name = Release;
		};
		8DB4C95E1D8C6E26000743BA /* Debug */ = {
			isa = XCBuildConfiguration;
			buildSettings = {
				PRODUCT_NAME = "$(TARGET_NAME)";
			};
			name = Debug;
		};
		8DB4C95F1D8C6E26000743BA /* Release */ = {
			isa = XCBuildConfiguration;
			buildSettings = {
				PRODUCT_NAME = "$(TARGET_NAME)";
			};
			name = Release;
		};
/* End XCBuildConfiguration section */

/* Begin XCConfigurationList section */
		8D454BD01D6FD291007C7554 /* Build configuration list for PBXProject "mal" */ = {
			isa = XCConfigurationList;
			buildConfigurations = (
				8D454BDA1D6FD291007C7554 /* Debug */,
				8D454BDB1D6FD291007C7554 /* Release */,
			);
			defaultConfigurationIsVisible = 0;
			defaultConfigurationName = Release;
		};
		8D454BDC1D6FD291007C7554 /* Build configuration list for PBXNativeTarget "mal" */ = {
			isa = XCConfigurationList;
			buildConfigurations = (
				8D454BDD1D6FD291007C7554 /* Debug */,
				8D454BDE1D6FD291007C7554 /* Release */,
			);
			defaultConfigurationIsVisible = 0;
			defaultConfigurationName = Release;
		};
		8D454BE41D6FD3D4007C7554 /* Build configuration list for PBXNativeTarget "step0_repl" */ = {
			isa = XCConfigurationList;
			buildConfigurations = (
				8D454BE51D6FD3D4007C7554 /* Debug */,
				8D454BE61D6FD3D4007C7554 /* Release */,
			);
			defaultConfigurationIsVisible = 0;
			defaultConfigurationName = Release;
		};
		8D5A498F1DBD045A00D90D97 /* Build configuration list for PBXNativeTarget "step5_tco" */ = {
			isa = XCConfigurationList;
			buildConfigurations = (
				8D5A49901DBD045A00D90D97 /* Debug */,
				8D5A49911DBD045A00D90D97 /* Release */,
			);
			defaultConfigurationIsVisible = 0;
			defaultConfigurationName = Release;
		};
		8D5A49A51DC240A200D90D97 /* Build configuration list for PBXNativeTarget "step6_file" */ = {
			isa = XCConfigurationList;
			buildConfigurations = (
				8D5A49A61DC240A200D90D97 /* Debug */,
				8D5A49A71DC240A200D90D97 /* Release */,
			);
			defaultConfigurationIsVisible = 0;
			defaultConfigurationName = Release;
		};
		8D5CC1481DC788B9008FA8E4 /* Build configuration list for PBXNativeTarget "step7_quote" */ = {
			isa = XCConfigurationList;
			buildConfigurations = (
				8D5CC1491DC788B9008FA8E4 /* Debug */,
				8D5CC14A1DC788B9008FA8E4 /* Release */,
			);
			defaultConfigurationIsVisible = 0;
			defaultConfigurationName = Release;
		};
		8D5F72B61DE67C3100AA37E4 /* Build configuration list for PBXNativeTarget "step9_try" */ = {
			isa = XCConfigurationList;
			buildConfigurations = (
				8D5F72B71DE67C3100AA37E4 /* Debug */,
				8D5F72B81DE67C3100AA37E4 /* Release */,
			);
			defaultConfigurationIsVisible = 0;
			defaultConfigurationName = Release;
		};
		8D6E88941DF0E6370060CCBF /* Build configuration list for PBXNativeTarget "stepA_mal" */ = {
			isa = XCConfigurationList;
			buildConfigurations = (
				8D6E88951DF0E6370060CCBF /* Debug */,
				8D6E88961DF0E6370060CCBF /* Release */,
			);
			defaultConfigurationIsVisible = 0;
			defaultConfigurationName = Release;
		};
		8D765D521DCB33A00004EA25 /* Build configuration list for PBXNativeTarget "step8_macros" */ = {
			isa = XCConfigurationList;
			buildConfigurations = (
				8D765D531DCB33A00004EA25 /* Debug */,
				8D765D541DCB33A00004EA25 /* Release */,
			);
			defaultConfigurationIsVisible = 0;
			defaultConfigurationName = Release;
		};
		8D8917D31D74F91900351894 /* Build configuration list for PBXNativeTarget "step1_read_print" */ = {
			isa = XCConfigurationList;
			buildConfigurations = (
				8D8917D41D74F91900351894 /* Debug */,
				8D8917D51D74F91900351894 /* Release */,
			);
			defaultConfigurationIsVisible = 0;
			defaultConfigurationName = Release;
		};
		8D8C749D1D88DC95007AE095 /* Build configuration list for PBXNativeTarget "step3_env" */ = {
			isa = XCConfigurationList;
			buildConfigurations = (
				8D8C749E1D88DC95007AE095 /* Debug */,
				8D8C749F1D88DC95007AE095 /* Release */,
			);
			defaultConfigurationIsVisible = 0;
			defaultConfigurationName = Release;
		};
		8D8CDD561D7F4F1700B28817 /* Build configuration list for PBXNativeTarget "step2_eval" */ = {
			isa = XCConfigurationList;
			buildConfigurations = (
				8D8CDD571D7F4F1700B28817 /* Debug */,
				8D8CDD581D7F4F1700B28817 /* Release */,
			);
			defaultConfigurationIsVisible = 0;
			defaultConfigurationName = Release;
		};
		8DB4C95D1D8C6E26000743BA /* Build configuration list for PBXNativeTarget "step4_if_fn_do" */ = {
			isa = XCConfigurationList;
			buildConfigurations = (
				8DB4C95E1D8C6E26000743BA /* Debug */,
				8DB4C95F1D8C6E26000743BA /* Release */,
			);
			defaultConfigurationIsVisible = 0;
			defaultConfigurationName = Release;
		};
/* End XCConfigurationList section */
	};
	rootObject = 8D454BCD1D6FD291007C7554 /* Project object */;
}
